<?xml version="1.0" encoding="UTF-8"?>
<!DOCTYPE plist PUBLIC "-//Apple//DTD PLIST 1.0//EN" "http://www.apple.com/DTDs/PropertyList-1.0.dtd">
<plist version="1.0">
<dict>
	<key>archiveVersion</key>
	<string>1</string>
	<key>classes</key>
	<dict/>
	<key>objectVersion</key>
	<string>46</string>
	<key>objects</key>
	<dict>
		<key>45DD5965E0C2534F195C35AA</key>
		<dict>
			<key>buildActionMask</key>
			<string>2147483647</string>
			<key>files</key>
			<array/>
			<key>inputPaths</key>
			<array/>
			<key>isa</key>
			<string>PBXShellScriptBuildPhase</string>
			<key>name</key>
			<string>Check Pods Manifest.lock</string>
			<key>outputPaths</key>
			<array/>
			<key>runOnlyForDeploymentPostprocessing</key>
			<string>0</string>
			<key>shellPath</key>
			<string>/bin/sh</string>
			<key>shellScript</key>
			<string>diff "${PODS_ROOT}/../Podfile.lock" "${PODS_ROOT}/Manifest.lock" &gt; /dev/null
if [[ $? != 0 ]] ; then
    cat &lt;&lt; EOM
error: The sandbox is not in sync with the Podfile.lock. Run 'pod install' or update your CocoaPods installation.
EOM
    exit 1
fi
</string>
			<key>showEnvVarsInLog</key>
			<string>0</string>
		</dict>
		<key>781941ABC789F21AD3D0A939</key>
		<dict>
			<key>children</key>
			<array>
				<string>BCF36B111C99DCFC005F5742</string>
				<string>BCF36B0C1C99DC91005F5742</string>
				<string>96029F3469EF7895DF3B5FFB</string>
			</array>
			<key>isa</key>
			<string>PBXGroup</string>
			<key>name</key>
			<string>Frameworks</string>
			<key>sourceTree</key>
			<string>&lt;group&gt;</string>
		</dict>
		<key>7AB2E6F556628CDEF9909B88</key>
		<dict>
			<key>children</key>
			<array>
				<string>FAA1B812CBF2DD4E1E3DED2F</string>
				<string>811EA305163D4ACF146354DC</string>
			</array>
			<key>isa</key>
			<string>PBXGroup</string>
			<key>name</key>
			<string>Pods</string>
			<key>sourceTree</key>
			<string>&lt;group&gt;</string>
		</dict>
		<key>811EA305163D4ACF146354DC</key>
		<dict>
			<key>includeInIndex</key>
			<string>1</string>
			<key>isa</key>
			<string>PBXFileReference</string>
			<key>lastKnownFileType</key>
			<string>text.xcconfig</string>
			<key>name</key>
			<string>Pods.release.xcconfig</string>
			<key>path</key>
			<string>Pods/Target Support Files/Pods/Pods.release.xcconfig</string>
			<key>sourceTree</key>
			<string>&lt;group&gt;</string>
		</dict>
		<key>96029F3469EF7895DF3B5FFB</key>
		<dict>
			<key>explicitFileType</key>
			<string>wrapper.framework</string>
			<key>includeInIndex</key>
			<string>0</string>
			<key>isa</key>
			<string>PBXFileReference</string>
			<key>path</key>
			<string>Pods.framework</string>
			<key>sourceTree</key>
			<string>BUILT_PRODUCTS_DIR</string>
		</dict>
		<key>B39488D03493C1C1F3587F83</key>
		<dict>
			<key>fileRef</key>
			<string>96029F3469EF7895DF3B5FFB</string>
			<key>isa</key>
			<string>PBXBuildFile</string>
		</dict>
		<key>BC27C2D01C2A2463003D695D</key>
		<dict>
			<key>children</key>
			<array>
				<string>BC27C2D11C2A247B003D695D</string>
				<string>BC27C2D51C2A26AB003D695D</string>
				<string>BCA0D3B01C2B51AF00B520C3</string>
				<string>BCA0D3B21C2B5CAD00B520C3</string>
				<string>BCA0D3B41C2B5CC700B520C3</string>
				<string>BC4369951C4D894E001A8265</string>
			</array>
			<key>isa</key>
			<string>PBXGroup</string>
			<key>path</key>
			<string>Controllers</string>
			<key>sourceTree</key>
			<string>&lt;group&gt;</string>
		</dict>
		<key>BC27C2D11C2A247B003D695D</key>
		<dict>
			<key>fileEncoding</key>
			<string>4</string>
			<key>isa</key>
			<string>PBXFileReference</string>
			<key>lastKnownFileType</key>
			<string>sourcecode.swift</string>
			<key>path</key>
			<string>MainViewController.swift</string>
			<key>sourceTree</key>
			<string>&lt;group&gt;</string>
		</dict>
		<key>BC27C2D21C2A247B003D695D</key>
		<dict>
			<key>fileRef</key>
			<string>BC27C2D11C2A247B003D695D</string>
			<key>isa</key>
			<string>PBXBuildFile</string>
		</dict>
		<key>BC27C2D31C2A247B003D695D</key>
		<dict>
			<key>fileRef</key>
			<string>BC27C2D11C2A247B003D695D</string>
			<key>isa</key>
			<string>PBXBuildFile</string>
		</dict>
		<key>BC27C2D41C2A247B003D695D</key>
		<dict>
			<key>fileRef</key>
			<string>BC27C2D11C2A247B003D695D</string>
			<key>isa</key>
			<string>PBXBuildFile</string>
		</dict>
		<key>BC27C2D51C2A26AB003D695D</key>
		<dict>
			<key>fileEncoding</key>
			<string>4</string>
			<key>isa</key>
			<string>PBXFileReference</string>
			<key>lastKnownFileType</key>
			<string>sourcecode.swift</string>
			<key>path</key>
			<string>CartTableViewController.swift</string>
			<key>sourceTree</key>
			<string>&lt;group&gt;</string>
		</dict>
		<key>BC27C2D61C2A26AB003D695D</key>
		<dict>
			<key>fileRef</key>
			<string>BC27C2D51C2A26AB003D695D</string>
			<key>isa</key>
			<string>PBXBuildFile</string>
		</dict>
		<key>BC27C2D71C2A26AB003D695D</key>
		<dict>
			<key>fileRef</key>
			<string>BC27C2D51C2A26AB003D695D</string>
			<key>isa</key>
			<string>PBXBuildFile</string>
		</dict>
		<key>BC27C2D81C2A26AB003D695D</key>
		<dict>
			<key>fileRef</key>
			<string>BC27C2D51C2A26AB003D695D</string>
			<key>isa</key>
			<string>PBXBuildFile</string>
		</dict>
		<key>BC27C2D91C2A2760003D695D</key>
		<dict>
			<key>children</key>
			<array>
				<string>BC27C2DA1C2A27A2003D695D</string>
				<string>BCA0D3A81C2B489100B520C3</string>
				<string>BCA0D3AA1C2B489F00B520C3</string>
				<string>BCA0D3AC1C2B48AF00B520C3</string>
				<string>BCA0D3AE1C2B48BF00B520C3</string>
			</array>
			<key>isa</key>
			<string>PBXGroup</string>
			<key>path</key>
			<string>Views</string>
			<key>sourceTree</key>
			<string>&lt;group&gt;</string>
		</dict>
		<key>BC27C2DA1C2A27A2003D695D</key>
		<dict>
			<key>fileEncoding</key>
			<string>4</string>
			<key>isa</key>
			<string>PBXFileReference</string>
			<key>lastKnownFileType</key>
			<string>sourcecode.swift</string>
			<key>path</key>
			<string>GoldenButton.swift</string>
			<key>sourceTree</key>
			<string>&lt;group&gt;</string>
		</dict>
		<key>BC27C2DB1C2A27A2003D695D</key>
		<dict>
			<key>fileRef</key>
			<string>BC27C2DA1C2A27A2003D695D</string>
			<key>isa</key>
			<string>PBXBuildFile</string>
		</dict>
		<key>BC291C271C408B44008E1E4D</key>
		<dict>
			<key>isa</key>
			<string>PBXFileReference</string>
			<key>lastKnownFileType</key>
			<string>sourcecode.c.h</string>
			<key>path</key>
			<string>BICSimulator.h</string>
			<key>sourceTree</key>
			<string>&lt;group&gt;</string>
		</dict>
		<key>BC291C321C45AE93008E1E4D</key>
		<dict>
			<key>fileEncoding</key>
			<string>4</string>
			<key>isa</key>
			<string>PBXFileReference</string>
			<key>lastKnownFileType</key>
			<string>sourcecode.c.h</string>
			<key>path</key>
			<string>BICSimulatorMode.h</string>
			<key>sourceTree</key>
			<string>&lt;group&gt;</string>
		</dict>
		<key>BC291C331C45AE93008E1E4D</key>
		<dict>
			<key>fileEncoding</key>
			<string>4</string>
			<key>isa</key>
			<string>PBXFileReference</string>
			<key>lastKnownFileType</key>
			<string>sourcecode.c.objc</string>
			<key>path</key>
			<string>BICSimulatorMode.m</string>
			<key>sourceTree</key>
			<string>&lt;group&gt;</string>
		</dict>
		<key>BC291C341C45AE93008E1E4D</key>
		<dict>
			<key>fileRef</key>
			<string>BC291C331C45AE93008E1E4D</string>
			<key>isa</key>
			<string>PBXBuildFile</string>
		</dict>
		<key>BC291C351C45AEAE008E1E4D</key>
		<dict>
			<key>fileEncoding</key>
			<string>4</string>
			<key>isa</key>
			<string>PBXFileReference</string>
			<key>lastKnownFileType</key>
			<string>sourcecode.c.h</string>
			<key>path</key>
			<string>BICSimulatorManager.h</string>
			<key>sourceTree</key>
			<string>&lt;group&gt;</string>
		</dict>
		<key>BC291C361C45AEAE008E1E4D</key>
		<dict>
			<key>fileEncoding</key>
			<string>4</string>
			<key>isa</key>
			<string>PBXFileReference</string>
			<key>lastKnownFileType</key>
			<string>sourcecode.c.objc</string>
			<key>path</key>
			<string>BICSimulatorManager.m</string>
			<key>sourceTree</key>
			<string>&lt;group&gt;</string>
		</dict>
		<key>BC291C371C45AEAE008E1E4D</key>
		<dict>
			<key>fileRef</key>
			<string>BC291C361C45AEAE008E1E4D</string>
			<key>isa</key>
			<string>PBXBuildFile</string>
		</dict>
		<key>BC345C941C4713E9003215A4</key>
		<dict>
			<key>fileEncoding</key>
			<string>4</string>
			<key>isa</key>
			<string>PBXFileReference</string>
			<key>lastKnownFileType</key>
			<string>sourcecode.c.h</string>
			<key>path</key>
			<string>BICSimulatedCredentialManager.h</string>
			<key>sourceTree</key>
			<string>&lt;group&gt;</string>
		</dict>
		<key>BC345C951C4713E9003215A4</key>
		<dict>
			<key>fileEncoding</key>
			<string>4</string>
			<key>isa</key>
			<string>PBXFileReference</string>
			<key>lastKnownFileType</key>
			<string>sourcecode.c.objc</string>
			<key>path</key>
			<string>BICSimulatedCredentialManager.m</string>
			<key>sourceTree</key>
			<string>&lt;group&gt;</string>
		</dict>
		<key>BC345C961C4713E9003215A4</key>
		<dict>
			<key>fileRef</key>
			<string>BC345C951C4713E9003215A4</string>
			<key>isa</key>
			<string>PBXBuildFile</string>
		</dict>
		<key>BC3F41B91C2A0EAD0064DBEB</key>
		<dict>
			<key>children</key>
			<array>
				<string>BC3F41C41C2A0EAD0064DBEB</string>
				<string>BC3F41DB1C2A0EAD0064DBEB</string>
				<string>BC3F41E61C2A0EAD0064DBEB</string>
				<string>BC3F41C31C2A0EAD0064DBEB</string>
				<string>781941ABC789F21AD3D0A939</string>
				<string>7AB2E6F556628CDEF9909B88</string>
			</array>
			<key>isa</key>
			<string>PBXGroup</string>
			<key>sourceTree</key>
			<string>&lt;group&gt;</string>
		</dict>
		<key>BC3F41BA1C2A0EAD0064DBEB</key>
		<dict>
			<key>attributes</key>
			<dict>
				<key>LastSwiftUpdateCheck</key>
				<string>0720</string>
				<key>LastUpgradeCheck</key>
				<string>0720</string>
				<key>ORGANIZATIONNAME</key>
				<string>Beanstream Internet Commerce, Inc.</string>
				<key>TargetAttributes</key>
				<dict>
					<key>BC3F41C11C2A0EAD0064DBEB</key>
					<dict>
						<key>CreatedOnToolsVersion</key>
						<string>7.2</string>
						<key>DevelopmentTeam</key>
						<string>6GT2VUY2JR</string>
					</dict>
					<key>BC3F41D71C2A0EAD0064DBEB</key>
					<dict>
						<key>CreatedOnToolsVersion</key>
						<string>7.2</string>
						<key>TestTargetID</key>
						<string>BC3F41C11C2A0EAD0064DBEB</string>
					</dict>
					<key>BC3F41E21C2A0EAD0064DBEB</key>
					<dict>
						<key>CreatedOnToolsVersion</key>
						<string>7.2</string>
						<key>TestTargetID</key>
						<string>BC3F41C11C2A0EAD0064DBEB</string>
					</dict>
				</dict>
			</dict>
			<key>buildConfigurationList</key>
			<string>BC3F41BD1C2A0EAD0064DBEB</string>
			<key>compatibilityVersion</key>
			<string>Xcode 3.2</string>
			<key>developmentRegion</key>
			<string>English</string>
			<key>hasScannedForEncodings</key>
			<string>0</string>
			<key>isa</key>
			<string>PBXProject</string>
			<key>knownRegions</key>
			<array>
				<string>en</string>
				<string>Base</string>
			</array>
			<key>mainGroup</key>
			<string>BC3F41B91C2A0EAD0064DBEB</string>
			<key>productRefGroup</key>
			<string>BC3F41C31C2A0EAD0064DBEB</string>
			<key>projectDirPath</key>
			<string></string>
			<key>projectReferences</key>
			<array/>
			<key>projectRoot</key>
			<string></string>
			<key>targets</key>
			<array>
				<string>BC3F41C11C2A0EAD0064DBEB</string>
				<string>BC3F41D71C2A0EAD0064DBEB</string>
				<string>BC3F41E21C2A0EAD0064DBEB</string>
			</array>
		</dict>
		<key>BC3F41BD1C2A0EAD0064DBEB</key>
		<dict>
			<key>buildConfigurations</key>
			<array>
				<string>BC3F41EA1C2A0EAD0064DBEB</string>
				<string>BC3F41EB1C2A0EAD0064DBEB</string>
			</array>
			<key>defaultConfigurationIsVisible</key>
			<string>0</string>
			<key>defaultConfigurationName</key>
			<string>Release</string>
			<key>isa</key>
			<string>XCConfigurationList</string>
		</dict>
		<key>BC3F41BE1C2A0EAD0064DBEB</key>
		<dict>
			<key>buildActionMask</key>
			<string>2147483647</string>
			<key>files</key>
			<array>
				<string>BC291C341C45AE93008E1E4D</string>
				<string>BCA0D3BA1C2B765500B520C3</string>
				<string>BCA0D3B31C2B5CAD00B520C3</string>
				<string>BCEC42931C3EF82100C09F78</string>
				<string>BCEC428E1C3EF82100C09F78</string>
				<string>BCC158A61C3F3ED900D974DE</string>
				<string>BCEC42921C3EF82100C09F78</string>
				<string>BCC711B21C3B25A9008F6247</string>
				<string>BCEC428F1C3EF82100C09F78</string>
				<string>BCEC42961C3EF82100C09F78</string>
				<string>BCEC42911C3EF82100C09F78</string>
				<string>BCEC42901C3EF82100C09F78</string>
				<string>BC7398631C346582006201C0</string>
				<string>BCEC428C1C3EF82100C09F78</string>
				<string>BCA0D3B11C2B51AF00B520C3</string>
				<string>BC345C961C4713E9003215A4</string>
				<string>BCC711B01C3B1E6E008F6247</string>
				<string>BCA0D3A91C2B489100B520C3</string>
				<string>BCA0D3AB1C2B489F00B520C3</string>
				<string>BCEC428D1C3EF82100C09F78</string>
				<string>BCEC42951C3EF82100C09F78</string>
				<string>BC4369961C4D894E001A8265</string>
				<string>BC7398611C34618B006201C0</string>
				<string>BC7398671C34711E006201C0</string>
				<string>BC7398651C346EC4006201C0</string>
				<string>BC8F70811C57F2E500A08C56</string>
				<string>BCA0D3AF1C2B48BF00B520C3</string>
				<string>BCA0D3B81C2B742600B520C3</string>
				<string>BCA0D3AD1C2B48AF00B520C3</string>
				<string>BC27C2DB1C2A27A2003D695D</string>
				<string>BCEC42941C3EF82100C09F78</string>
				<string>BC3F41C61C2A0EAD0064DBEB</string>
				<string>BCEC428A1C3EF82100C09F78</string>
				<string>BCA0D3B51C2B5CC700B520C3</string>
				<string>BC291C371C45AEAE008E1E4D</string>
				<string>BC27C2D61C2A26AB003D695D</string>
				<string>BC27C2D21C2A247B003D695D</string>
			</array>
			<key>isa</key>
			<string>PBXSourcesBuildPhase</string>
			<key>runOnlyForDeploymentPostprocessing</key>
			<string>0</string>
		</dict>
		<key>BC3F41BF1C2A0EAD0064DBEB</key>
		<dict>
			<key>buildActionMask</key>
			<string>2147483647</string>
			<key>files</key>
			<array>
				<string>BCF36B121C99DCFC005F5742</string>
				<string>BCF36B0E1C99DCB4005F5742</string>
				<string>B39488D03493C1C1F3587F83</string>
			</array>
			<key>isa</key>
			<string>PBXFrameworksBuildPhase</string>
			<key>runOnlyForDeploymentPostprocessing</key>
			<string>0</string>
		</dict>
		<key>BC3F41C01C2A0EAD0064DBEB</key>
		<dict>
			<key>buildActionMask</key>
			<string>2147483647</string>
			<key>files</key>
			<array>
				<string>BCEC428B1C3EF82100C09F78</string>
				<string>BC3F41D21C2A0EAD0064DBEB</string>
				<string>BC3F41CF1C2A0EAD0064DBEB</string>
				<string>BC3F41CD1C2A0EAD0064DBEB</string>
			</array>
			<key>isa</key>
			<string>PBXResourcesBuildPhase</string>
			<key>runOnlyForDeploymentPostprocessing</key>
			<string>0</string>
		</dict>
		<key>BC3F41C11C2A0EAD0064DBEB</key>
		<dict>
			<key>buildConfigurationList</key>
			<string>BC3F41EC1C2A0EAD0064DBEB</string>
			<key>buildPhases</key>
			<array>
				<string>45DD5965E0C2534F195C35AA</string>
				<string>BC3F41BE1C2A0EAD0064DBEB</string>
				<string>BC3F41BF1C2A0EAD0064DBEB</string>
				<string>BC3F41C01C2A0EAD0064DBEB</string>
				<string>E6D4E83E75669649D73DFE93</string>
				<string>D361F88B8FA6EDBA6C8C0CA4</string>
			</array>
			<key>buildRules</key>
			<array/>
			<key>dependencies</key>
			<array/>
			<key>isa</key>
			<string>PBXNativeTarget</string>
			<key>name</key>
			<string>GoldenEggs</string>
			<key>productName</key>
			<string>GoldenEggs</string>
			<key>productReference</key>
			<string>BC3F41C21C2A0EAD0064DBEB</string>
			<key>productType</key>
			<string>com.apple.product-type.application</string>
		</dict>
		<key>BC3F41C21C2A0EAD0064DBEB</key>
		<dict>
			<key>explicitFileType</key>
			<string>wrapper.application</string>
			<key>includeInIndex</key>
			<string>0</string>
			<key>isa</key>
			<string>PBXFileReference</string>
			<key>path</key>
			<string>GoldenEggs.app</string>
			<key>sourceTree</key>
			<string>BUILT_PRODUCTS_DIR</string>
		</dict>
		<key>BC3F41C31C2A0EAD0064DBEB</key>
		<dict>
			<key>children</key>
			<array>
				<string>BC3F41C21C2A0EAD0064DBEB</string>
				<string>BC3F41D81C2A0EAD0064DBEB</string>
				<string>BC3F41E31C2A0EAD0064DBEB</string>
			</array>
			<key>isa</key>
			<string>PBXGroup</string>
			<key>name</key>
			<string>Products</string>
			<key>sourceTree</key>
			<string>&lt;group&gt;</string>
		</dict>
		<key>BC3F41C41C2A0EAD0064DBEB</key>
		<dict>
			<key>children</key>
			<array>
				<string>BC3F41C51C2A0EAD0064DBEB</string>
				<string>BC27C2D01C2A2463003D695D</string>
				<string>BCA0D3B61C2B690000B520C3</string>
				<string>BC27C2D91C2A2760003D695D</string>
				<string>BC73985D1C3344CC006201C0</string>
				<string>BC3F41CB1C2A0EAD0064DBEB</string>
				<string>BC3F41CE1C2A0EAD0064DBEB</string>
				<string>BC3F41D01C2A0EAD0064DBEB</string>
				<string>BC6503261C2C89B3002A73A7</string>
				<string>BC3F41D31C2A0EAD0064DBEB</string>
				<string>BCEC426D1C3EF82100C09F78</string>
			</array>
			<key>isa</key>
			<string>PBXGroup</string>
			<key>path</key>
			<string>GoldenEggs</string>
			<key>sourceTree</key>
			<string>&lt;group&gt;</string>
		</dict>
		<key>BC3F41C51C2A0EAD0064DBEB</key>
		<dict>
			<key>isa</key>
			<string>PBXFileReference</string>
			<key>lastKnownFileType</key>
			<string>sourcecode.swift</string>
			<key>path</key>
			<string>AppDelegate.swift</string>
			<key>sourceTree</key>
			<string>&lt;group&gt;</string>
		</dict>
		<key>BC3F41C61C2A0EAD0064DBEB</key>
		<dict>
			<key>fileRef</key>
			<string>BC3F41C51C2A0EAD0064DBEB</string>
			<key>isa</key>
			<string>PBXBuildFile</string>
		</dict>
		<key>BC3F41CB1C2A0EAD0064DBEB</key>
		<dict>
			<key>children</key>
			<array>
				<string>BC3F41CC1C2A0EAD0064DBEB</string>
			</array>
			<key>isa</key>
			<string>PBXVariantGroup</string>
			<key>name</key>
			<string>Main.storyboard</string>
			<key>sourceTree</key>
			<string>&lt;group&gt;</string>
		</dict>
		<key>BC3F41CC1C2A0EAD0064DBEB</key>
		<dict>
			<key>isa</key>
			<string>PBXFileReference</string>
			<key>lastKnownFileType</key>
			<string>file.storyboard</string>
			<key>name</key>
			<string>Base</string>
			<key>path</key>
			<string>Base.lproj/Main.storyboard</string>
			<key>sourceTree</key>
			<string>&lt;group&gt;</string>
		</dict>
		<key>BC3F41CD1C2A0EAD0064DBEB</key>
		<dict>
			<key>fileRef</key>
			<string>BC3F41CB1C2A0EAD0064DBEB</string>
			<key>isa</key>
			<string>PBXBuildFile</string>
		</dict>
		<key>BC3F41CE1C2A0EAD0064DBEB</key>
		<dict>
			<key>isa</key>
			<string>PBXFileReference</string>
			<key>lastKnownFileType</key>
			<string>folder.assetcatalog</string>
			<key>path</key>
			<string>Assets.xcassets</string>
			<key>sourceTree</key>
			<string>&lt;group&gt;</string>
		</dict>
		<key>BC3F41CF1C2A0EAD0064DBEB</key>
		<dict>
			<key>fileRef</key>
			<string>BC3F41CE1C2A0EAD0064DBEB</string>
			<key>isa</key>
			<string>PBXBuildFile</string>
		</dict>
		<key>BC3F41D01C2A0EAD0064DBEB</key>
		<dict>
			<key>children</key>
			<array>
				<string>BC3F41D11C2A0EAD0064DBEB</string>
			</array>
			<key>isa</key>
			<string>PBXVariantGroup</string>
			<key>name</key>
			<string>LaunchScreen.storyboard</string>
			<key>sourceTree</key>
			<string>&lt;group&gt;</string>
		</dict>
		<key>BC3F41D11C2A0EAD0064DBEB</key>
		<dict>
			<key>isa</key>
			<string>PBXFileReference</string>
			<key>lastKnownFileType</key>
			<string>file.storyboard</string>
			<key>name</key>
			<string>Base</string>
			<key>path</key>
			<string>Base.lproj/LaunchScreen.storyboard</string>
			<key>sourceTree</key>
			<string>&lt;group&gt;</string>
		</dict>
		<key>BC3F41D21C2A0EAD0064DBEB</key>
		<dict>
			<key>fileRef</key>
			<string>BC3F41D01C2A0EAD0064DBEB</string>
			<key>isa</key>
			<string>PBXBuildFile</string>
		</dict>
		<key>BC3F41D31C2A0EAD0064DBEB</key>
		<dict>
			<key>isa</key>
			<string>PBXFileReference</string>
			<key>lastKnownFileType</key>
			<string>text.plist.xml</string>
			<key>path</key>
			<string>Info.plist</string>
			<key>sourceTree</key>
			<string>&lt;group&gt;</string>
		</dict>
		<key>BC3F41D41C2A0EAD0064DBEB</key>
		<dict>
			<key>buildActionMask</key>
			<string>2147483647</string>
			<key>files</key>
			<array>
				<string>BC4369C51C52BF90001A8265</string>
				<string>BC4369B21C52BF4C001A8265</string>
				<string>BC4369CF1C52BF90001A8265</string>
				<string>BC4369CA1C52BF90001A8265</string>
				<string>BC4369A21C52BF4C001A8265</string>
				<string>BC4369A11C52BF4C001A8265</string>
				<string>BC4369DE1C52BF9A001A8265</string>
				<string>BC4369A61C52BF4C001A8265</string>
				<string>BC3F41DD1C2A0EAD0064DBEB</string>
				<string>BC4369AC1C52BF4C001A8265</string>
				<string>BC27C2D71C2A26AB003D695D</string>
				<string>BC4369A41C52BF4C001A8265</string>
				<string>BC4369AA1C52BF4C001A8265</string>
				<string>BC4369C91C52BF90001A8265</string>
				<string>BC4369A91C52BF4C001A8265</string>
				<string>BC4369B11C52BF4C001A8265</string>
				<string>BC4369A71C52BF4C001A8265</string>
				<string>BC4369C71C52BF90001A8265</string>
				<string>BC4369CD1C52BF90001A8265</string>
				<string>BC4369AD1C52BF4C001A8265</string>
				<string>BC4369A81C52BF4C001A8265</string>
				<string>BC4369A31C52BF4C001A8265</string>
				<string>BC4369C61C52BF90001A8265</string>
				<string>BC4369AE1C52BF4C001A8265</string>
				<string>BC4369D01C52BF90001A8265</string>
				<string>BC8F70821C57F2EB00A08C56</string>
				<string>BC4369CE1C52BF90001A8265</string>
				<string>BC4369AF1C52BF4C001A8265</string>
				<string>BC4369C81C52BF90001A8265</string>
				<string>BC4369CB1C52BF90001A8265</string>
				<string>BC4369CC1C52BF90001A8265</string>
				<string>BC27C2D31C2A247B003D695D</string>
				<string>BC4369B01C52BF4C001A8265</string>
				<string>BC4369DD1C52BF9A001A8265</string>
				<string>BC4369A51C52BF4C001A8265</string>
				<string>BC4369DF1C52BF9A001A8265</string>
				<string>BC4369AB1C52BF4C001A8265</string>
			</array>
			<key>isa</key>
			<string>PBXSourcesBuildPhase</string>
			<key>runOnlyForDeploymentPostprocessing</key>
			<string>0</string>
		</dict>
		<key>BC3F41D51C2A0EAD0064DBEB</key>
		<dict>
			<key>buildActionMask</key>
			<string>2147483647</string>
			<key>files</key>
			<array/>
			<key>isa</key>
			<string>PBXFrameworksBuildPhase</string>
			<key>runOnlyForDeploymentPostprocessing</key>
			<string>0</string>
		</dict>
		<key>BC3F41D61C2A0EAD0064DBEB</key>
		<dict>
			<key>buildActionMask</key>
			<string>2147483647</string>
			<key>files</key>
			<array/>
			<key>isa</key>
			<string>PBXResourcesBuildPhase</string>
			<key>runOnlyForDeploymentPostprocessing</key>
			<string>0</string>
		</dict>
		<key>BC3F41D71C2A0EAD0064DBEB</key>
		<dict>
			<key>buildConfigurationList</key>
			<string>BC3F41EF1C2A0EAD0064DBEB</string>
			<key>buildPhases</key>
			<array>
				<string>BC3F41D41C2A0EAD0064DBEB</string>
				<string>BC3F41D51C2A0EAD0064DBEB</string>
				<string>BC3F41D61C2A0EAD0064DBEB</string>
			</array>
			<key>buildRules</key>
			<array/>
			<key>dependencies</key>
			<array>
				<string>BC3F41DA1C2A0EAD0064DBEB</string>
			</array>
			<key>isa</key>
			<string>PBXNativeTarget</string>
			<key>name</key>
			<string>GoldenEggsTests</string>
			<key>productName</key>
			<string>GoldenEggsTests</string>
			<key>productReference</key>
			<string>BC3F41D81C2A0EAD0064DBEB</string>
			<key>productType</key>
			<string>com.apple.product-type.bundle.unit-test</string>
		</dict>
		<key>BC3F41D81C2A0EAD0064DBEB</key>
		<dict>
			<key>explicitFileType</key>
			<string>wrapper.cfbundle</string>
			<key>includeInIndex</key>
			<string>0</string>
			<key>isa</key>
			<string>PBXFileReference</string>
			<key>path</key>
			<string>GoldenEggsTests.xctest</string>
			<key>sourceTree</key>
			<string>BUILT_PRODUCTS_DIR</string>
		</dict>
		<key>BC3F41D91C2A0EAD0064DBEB</key>
		<dict>
			<key>containerPortal</key>
			<string>BC3F41BA1C2A0EAD0064DBEB</string>
			<key>isa</key>
			<string>PBXContainerItemProxy</string>
			<key>proxyType</key>
			<string>1</string>
			<key>remoteGlobalIDString</key>
			<string>BC3F41C11C2A0EAD0064DBEB</string>
			<key>remoteInfo</key>
			<string>GoldenEggs</string>
		</dict>
		<key>BC3F41DA1C2A0EAD0064DBEB</key>
		<dict>
			<key>isa</key>
			<string>PBXTargetDependency</string>
			<key>target</key>
			<string>BC3F41C11C2A0EAD0064DBEB</string>
			<key>targetProxy</key>
			<string>BC3F41D91C2A0EAD0064DBEB</string>
		</dict>
		<key>BC3F41DB1C2A0EAD0064DBEB</key>
		<dict>
			<key>children</key>
			<array>
				<string>BC3F41DC1C2A0EAD0064DBEB</string>
				<string>BC3F41DE1C2A0EAD0064DBEB</string>
			</array>
			<key>isa</key>
			<string>PBXGroup</string>
			<key>path</key>
			<string>GoldenEggsTests</string>
			<key>sourceTree</key>
			<string>&lt;group&gt;</string>
		</dict>
		<key>BC3F41DC1C2A0EAD0064DBEB</key>
		<dict>
			<key>isa</key>
			<string>PBXFileReference</string>
			<key>lastKnownFileType</key>
			<string>sourcecode.swift</string>
			<key>path</key>
			<string>GoldenEggsTests.swift</string>
			<key>sourceTree</key>
			<string>&lt;group&gt;</string>
		</dict>
		<key>BC3F41DD1C2A0EAD0064DBEB</key>
		<dict>
			<key>fileRef</key>
			<string>BC3F41DC1C2A0EAD0064DBEB</string>
			<key>isa</key>
			<string>PBXBuildFile</string>
		</dict>
		<key>BC3F41DE1C2A0EAD0064DBEB</key>
		<dict>
			<key>isa</key>
			<string>PBXFileReference</string>
			<key>lastKnownFileType</key>
			<string>text.plist.xml</string>
			<key>path</key>
			<string>Info.plist</string>
			<key>sourceTree</key>
			<string>&lt;group&gt;</string>
		</dict>
		<key>BC3F41DF1C2A0EAD0064DBEB</key>
		<dict>
			<key>buildActionMask</key>
			<string>2147483647</string>
			<key>files</key>
			<array>
				<string>BC4369D11C52BF91001A8265</string>
				<string>BC4369C41C52BF4E001A8265</string>
				<string>BC4369DB1C52BF91001A8265</string>
				<string>BC4369D61C52BF91001A8265</string>
				<string>BC4369B41C52BF4E001A8265</string>
				<string>BC4369B31C52BF4E001A8265</string>
				<string>BC4369E11C52BF9B001A8265</string>
				<string>BC4369B81C52BF4E001A8265</string>
				<string>BC3F41E81C2A0EAD0064DBEB</string>
				<string>BC4369BE1C52BF4E001A8265</string>
				<string>BC27C2D81C2A26AB003D695D</string>
				<string>BC4369B61C52BF4E001A8265</string>
				<string>BC4369BC1C52BF4E001A8265</string>
				<string>BC4369D51C52BF91001A8265</string>
				<string>BC4369BB1C52BF4E001A8265</string>
				<string>BC4369C31C52BF4E001A8265</string>
				<string>BC4369B91C52BF4E001A8265</string>
				<string>BC4369D31C52BF91001A8265</string>
				<string>BC4369D91C52BF91001A8265</string>
				<string>BC4369BF1C52BF4E001A8265</string>
				<string>BC4369BA1C52BF4E001A8265</string>
				<string>BC4369B51C52BF4E001A8265</string>
				<string>BC4369D21C52BF91001A8265</string>
				<string>BC4369C01C52BF4E001A8265</string>
				<string>BC4369DC1C52BF91001A8265</string>
				<string>BC8F70831C57F2EC00A08C56</string>
				<string>BC4369DA1C52BF91001A8265</string>
				<string>BC4369C11C52BF4E001A8265</string>
				<string>BC4369D41C52BF91001A8265</string>
				<string>BC4369D71C52BF91001A8265</string>
				<string>BC4369D81C52BF91001A8265</string>
				<string>BC27C2D41C2A247B003D695D</string>
				<string>BC4369C21C52BF4E001A8265</string>
				<string>BC4369E01C52BF9B001A8265</string>
				<string>BC4369B71C52BF4E001A8265</string>
				<string>BC4369E21C52BF9B001A8265</string>
				<string>BC4369BD1C52BF4E001A8265</string>
			</array>
			<key>isa</key>
			<string>PBXSourcesBuildPhase</string>
			<key>runOnlyForDeploymentPostprocessing</key>
			<string>0</string>
		</dict>
		<key>BC3F41E01C2A0EAD0064DBEB</key>
		<dict>
			<key>buildActionMask</key>
			<string>2147483647</string>
			<key>files</key>
			<array/>
			<key>isa</key>
			<string>PBXFrameworksBuildPhase</string>
			<key>runOnlyForDeploymentPostprocessing</key>
			<string>0</string>
		</dict>
		<key>BC3F41E11C2A0EAD0064DBEB</key>
		<dict>
			<key>buildActionMask</key>
			<string>2147483647</string>
			<key>files</key>
			<array/>
			<key>isa</key>
			<string>PBXResourcesBuildPhase</string>
			<key>runOnlyForDeploymentPostprocessing</key>
			<string>0</string>
		</dict>
		<key>BC3F41E21C2A0EAD0064DBEB</key>
		<dict>
			<key>buildConfigurationList</key>
			<string>BC3F41F21C2A0EAD0064DBEB</string>
			<key>buildPhases</key>
			<array>
				<string>BC3F41DF1C2A0EAD0064DBEB</string>
				<string>BC3F41E01C2A0EAD0064DBEB</string>
				<string>BC3F41E11C2A0EAD0064DBEB</string>
			</array>
			<key>buildRules</key>
			<array/>
			<key>dependencies</key>
			<array>
				<string>BC3F41E51C2A0EAD0064DBEB</string>
			</array>
			<key>isa</key>
			<string>PBXNativeTarget</string>
			<key>name</key>
			<string>GoldenEggsUITests</string>
			<key>productName</key>
			<string>GoldenEggsUITests</string>
			<key>productReference</key>
			<string>BC3F41E31C2A0EAD0064DBEB</string>
			<key>productType</key>
			<string>com.apple.product-type.bundle.ui-testing</string>
		</dict>
		<key>BC3F41E31C2A0EAD0064DBEB</key>
		<dict>
			<key>explicitFileType</key>
			<string>wrapper.cfbundle</string>
			<key>includeInIndex</key>
			<string>0</string>
			<key>isa</key>
			<string>PBXFileReference</string>
			<key>path</key>
			<string>GoldenEggsUITests.xctest</string>
			<key>sourceTree</key>
			<string>BUILT_PRODUCTS_DIR</string>
		</dict>
		<key>BC3F41E41C2A0EAD0064DBEB</key>
		<dict>
			<key>containerPortal</key>
			<string>BC3F41BA1C2A0EAD0064DBEB</string>
			<key>isa</key>
			<string>PBXContainerItemProxy</string>
			<key>proxyType</key>
			<string>1</string>
			<key>remoteGlobalIDString</key>
			<string>BC3F41C11C2A0EAD0064DBEB</string>
			<key>remoteInfo</key>
			<string>GoldenEggs</string>
		</dict>
		<key>BC3F41E51C2A0EAD0064DBEB</key>
		<dict>
			<key>isa</key>
			<string>PBXTargetDependency</string>
			<key>target</key>
			<string>BC3F41C11C2A0EAD0064DBEB</string>
			<key>targetProxy</key>
			<string>BC3F41E41C2A0EAD0064DBEB</string>
		</dict>
		<key>BC3F41E61C2A0EAD0064DBEB</key>
		<dict>
			<key>children</key>
			<array>
				<string>BC3F41E71C2A0EAD0064DBEB</string>
				<string>BC3F41E91C2A0EAD0064DBEB</string>
			</array>
			<key>isa</key>
			<string>PBXGroup</string>
			<key>path</key>
			<string>GoldenEggsUITests</string>
			<key>sourceTree</key>
			<string>&lt;group&gt;</string>
		</dict>
		<key>BC3F41E71C2A0EAD0064DBEB</key>
		<dict>
			<key>isa</key>
			<string>PBXFileReference</string>
			<key>lastKnownFileType</key>
			<string>sourcecode.swift</string>
			<key>path</key>
			<string>GoldenEggsUITests.swift</string>
			<key>sourceTree</key>
			<string>&lt;group&gt;</string>
		</dict>
		<key>BC3F41E81C2A0EAD0064DBEB</key>
		<dict>
			<key>fileRef</key>
			<string>BC3F41E71C2A0EAD0064DBEB</string>
			<key>isa</key>
			<string>PBXBuildFile</string>
		</dict>
		<key>BC3F41E91C2A0EAD0064DBEB</key>
		<dict>
			<key>isa</key>
			<string>PBXFileReference</string>
			<key>lastKnownFileType</key>
			<string>text.plist.xml</string>
			<key>path</key>
			<string>Info.plist</string>
			<key>sourceTree</key>
			<string>&lt;group&gt;</string>
		</dict>
		<key>BC3F41EA1C2A0EAD0064DBEB</key>
		<dict>
			<key>buildSettings</key>
			<dict>
				<key>ALWAYS_SEARCH_USER_PATHS</key>
				<string>NO</string>
				<key>CLANG_CXX_LANGUAGE_STANDARD</key>
				<string>gnu++0x</string>
				<key>CLANG_CXX_LIBRARY</key>
				<string>libc++</string>
				<key>CLANG_ENABLE_MODULES</key>
				<string>YES</string>
				<key>CLANG_ENABLE_OBJC_ARC</key>
				<string>YES</string>
				<key>CLANG_WARN_BOOL_CONVERSION</key>
				<string>YES</string>
				<key>CLANG_WARN_CONSTANT_CONVERSION</key>
				<string>YES</string>
				<key>CLANG_WARN_DIRECT_OBJC_ISA_USAGE</key>
				<string>YES_ERROR</string>
				<key>CLANG_WARN_EMPTY_BODY</key>
				<string>YES</string>
				<key>CLANG_WARN_ENUM_CONVERSION</key>
				<string>YES</string>
				<key>CLANG_WARN_INT_CONVERSION</key>
				<string>YES</string>
				<key>CLANG_WARN_OBJC_ROOT_CLASS</key>
				<string>YES_ERROR</string>
				<key>CLANG_WARN_UNREACHABLE_CODE</key>
				<string>YES</string>
				<key>CLANG_WARN__DUPLICATE_METHOD_MATCH</key>
				<string>YES</string>
				<key>CODE_SIGN_IDENTITY[sdk=iphoneos*]</key>
				<string>iPhone Developer</string>
				<key>COPY_PHASE_STRIP</key>
				<string>NO</string>
				<key>DEBUG_INFORMATION_FORMAT</key>
				<string>dwarf</string>
				<key>ENABLE_STRICT_OBJC_MSGSEND</key>
				<string>YES</string>
				<key>ENABLE_TESTABILITY</key>
				<string>YES</string>
				<key>GCC_C_LANGUAGE_STANDARD</key>
				<string>gnu99</string>
				<key>GCC_DYNAMIC_NO_PIC</key>
				<string>NO</string>
				<key>GCC_NO_COMMON_BLOCKS</key>
				<string>YES</string>
				<key>GCC_OPTIMIZATION_LEVEL</key>
				<string>0</string>
				<key>GCC_PREPROCESSOR_DEFINITIONS</key>
				<array>
					<string>DEBUG=1</string>
					<string>$(inherited)</string>
				</array>
				<key>GCC_WARN_64_TO_32_BIT_CONVERSION</key>
				<string>YES</string>
				<key>GCC_WARN_ABOUT_RETURN_TYPE</key>
				<string>YES_ERROR</string>
				<key>GCC_WARN_UNDECLARED_SELECTOR</key>
				<string>YES</string>
				<key>GCC_WARN_UNINITIALIZED_AUTOS</key>
				<string>YES_AGGRESSIVE</string>
				<key>GCC_WARN_UNUSED_FUNCTION</key>
				<string>YES</string>
				<key>GCC_WARN_UNUSED_VARIABLE</key>
				<string>YES</string>
				<key>IPHONEOS_DEPLOYMENT_TARGET</key>
				<string>9.2</string>
				<key>MTL_ENABLE_DEBUG_INFO</key>
				<string>YES</string>
				<key>ONLY_ACTIVE_ARCH</key>
				<string>YES</string>
				<key>OTHER_LDFLAGS</key>
				<string>-ObjC</string>
				<key>SDKROOT</key>
				<string>iphoneos</string>
				<key>SWIFT_OPTIMIZATION_LEVEL</key>
				<string>-Onone</string>
				<key>TARGETED_DEVICE_FAMILY</key>
				<string>1,2</string>
			</dict>
			<key>isa</key>
			<string>XCBuildConfiguration</string>
			<key>name</key>
			<string>Debug</string>
		</dict>
		<key>BC3F41EB1C2A0EAD0064DBEB</key>
		<dict>
			<key>buildSettings</key>
			<dict>
				<key>ALWAYS_SEARCH_USER_PATHS</key>
				<string>NO</string>
				<key>CLANG_CXX_LANGUAGE_STANDARD</key>
				<string>gnu++0x</string>
				<key>CLANG_CXX_LIBRARY</key>
				<string>libc++</string>
				<key>CLANG_ENABLE_MODULES</key>
				<string>YES</string>
				<key>CLANG_ENABLE_OBJC_ARC</key>
				<string>YES</string>
				<key>CLANG_WARN_BOOL_CONVERSION</key>
				<string>YES</string>
				<key>CLANG_WARN_CONSTANT_CONVERSION</key>
				<string>YES</string>
				<key>CLANG_WARN_DIRECT_OBJC_ISA_USAGE</key>
				<string>YES_ERROR</string>
				<key>CLANG_WARN_EMPTY_BODY</key>
				<string>YES</string>
				<key>CLANG_WARN_ENUM_CONVERSION</key>
				<string>YES</string>
				<key>CLANG_WARN_INT_CONVERSION</key>
				<string>YES</string>
				<key>CLANG_WARN_OBJC_ROOT_CLASS</key>
				<string>YES_ERROR</string>
				<key>CLANG_WARN_UNREACHABLE_CODE</key>
				<string>YES</string>
				<key>CLANG_WARN__DUPLICATE_METHOD_MATCH</key>
				<string>YES</string>
				<key>CODE_SIGN_IDENTITY[sdk=iphoneos*]</key>
				<string>iPhone Developer</string>
				<key>COPY_PHASE_STRIP</key>
				<string>NO</string>
				<key>DEBUG_INFORMATION_FORMAT</key>
				<string>dwarf-with-dsym</string>
				<key>ENABLE_NS_ASSERTIONS</key>
				<string>NO</string>
				<key>ENABLE_STRICT_OBJC_MSGSEND</key>
				<string>YES</string>
				<key>GCC_C_LANGUAGE_STANDARD</key>
				<string>gnu99</string>
				<key>GCC_NO_COMMON_BLOCKS</key>
				<string>YES</string>
				<key>GCC_WARN_64_TO_32_BIT_CONVERSION</key>
				<string>YES</string>
				<key>GCC_WARN_ABOUT_RETURN_TYPE</key>
				<string>YES_ERROR</string>
				<key>GCC_WARN_UNDECLARED_SELECTOR</key>
				<string>YES</string>
				<key>GCC_WARN_UNINITIALIZED_AUTOS</key>
				<string>YES_AGGRESSIVE</string>
				<key>GCC_WARN_UNUSED_FUNCTION</key>
				<string>YES</string>
				<key>GCC_WARN_UNUSED_VARIABLE</key>
				<string>YES</string>
				<key>IPHONEOS_DEPLOYMENT_TARGET</key>
				<string>9.2</string>
				<key>MTL_ENABLE_DEBUG_INFO</key>
				<string>NO</string>
				<key>OTHER_LDFLAGS</key>
				<string>-ObjC</string>
				<key>SDKROOT</key>
				<string>iphoneos</string>
				<key>TARGETED_DEVICE_FAMILY</key>
				<string>1,2</string>
				<key>VALIDATE_PRODUCT</key>
				<string>YES</string>
			</dict>
			<key>isa</key>
			<string>XCBuildConfiguration</string>
			<key>name</key>
			<string>Release</string>
		</dict>
		<key>BC3F41EC1C2A0EAD0064DBEB</key>
		<dict>
			<key>buildConfigurations</key>
			<array>
				<string>BC3F41ED1C2A0EAD0064DBEB</string>
				<string>BC3F41EE1C2A0EAD0064DBEB</string>
			</array>
			<key>defaultConfigurationIsVisible</key>
			<string>0</string>
			<key>defaultConfigurationName</key>
			<string>Release</string>
			<key>isa</key>
			<string>XCConfigurationList</string>
		</dict>
		<key>BC3F41ED1C2A0EAD0064DBEB</key>
		<dict>
			<key>baseConfigurationReference</key>
			<string>FAA1B812CBF2DD4E1E3DED2F</string>
			<key>buildSettings</key>
			<dict>
				<key>ASSETCATALOG_COMPILER_APPICON_NAME</key>
				<string>AppIcon</string>
				<key>CLANG_ENABLE_MODULES</key>
				<string>YES</string>
				<key>CODE_SIGN_IDENTITY</key>
				<string>iPhone Developer</string>
				<key>CODE_SIGN_IDENTITY[sdk=iphoneos*]</key>
				<string>iPhone Developer</string>
				<key>ENABLE_BITCODE</key>
				<string>NO</string>
				<key>INFOPLIST_FILE</key>
				<string>GoldenEggs/Info.plist</string>
				<key>IPHONEOS_DEPLOYMENT_TARGET</key>
				<string>8.3</string>
				<key>LD_RUNPATH_SEARCH_PATHS</key>
				<string>$(inherited) @executable_path/Frameworks</string>
				<key>PRODUCT_BUNDLE_IDENTIFIER</key>
				<string>com.beanstream.GoldenEggs</string>
				<key>PRODUCT_NAME</key>
				<string>$(TARGET_NAME)</string>
				<key>PROVISIONING_PROFILE</key>
				<string></string>
				<key>SWIFT_OBJC_BRIDGING_HEADER</key>
				<string>GoldenEggs/GoldenEggs-Bridging-Header.h</string>
				<key>SWIFT_OPTIMIZATION_LEVEL</key>
				<string>-Onone</string>
			</dict>
			<key>isa</key>
			<string>XCBuildConfiguration</string>
			<key>name</key>
			<string>Debug</string>
		</dict>
		<key>BC3F41EE1C2A0EAD0064DBEB</key>
		<dict>
			<key>baseConfigurationReference</key>
			<string>811EA305163D4ACF146354DC</string>
			<key>buildSettings</key>
			<dict>
				<key>ASSETCATALOG_COMPILER_APPICON_NAME</key>
				<string>AppIcon</string>
				<key>CLANG_ENABLE_MODULES</key>
				<string>YES</string>
				<key>CODE_SIGN_IDENTITY</key>
				<string>iPhone Developer</string>
				<key>CODE_SIGN_IDENTITY[sdk=iphoneos*]</key>
				<string>iPhone Developer</string>
				<key>ENABLE_BITCODE</key>
				<string>NO</string>
				<key>INFOPLIST_FILE</key>
				<string>GoldenEggs/Info.plist</string>
				<key>IPHONEOS_DEPLOYMENT_TARGET</key>
				<string>8.3</string>
				<key>LD_RUNPATH_SEARCH_PATHS</key>
				<string>$(inherited) @executable_path/Frameworks</string>
				<key>PRODUCT_BUNDLE_IDENTIFIER</key>
				<string>com.beanstream.GoldenEggs</string>
				<key>PRODUCT_NAME</key>
				<string>$(TARGET_NAME)</string>
				<key>PROVISIONING_PROFILE</key>
				<string></string>
				<key>SWIFT_OBJC_BRIDGING_HEADER</key>
				<string>GoldenEggs/GoldenEggs-Bridging-Header.h</string>
			</dict>
			<key>isa</key>
			<string>XCBuildConfiguration</string>
			<key>name</key>
			<string>Release</string>
		</dict>
		<key>BC3F41EF1C2A0EAD0064DBEB</key>
		<dict>
			<key>buildConfigurations</key>
			<array>
				<string>BC3F41F01C2A0EAD0064DBEB</string>
				<string>BC3F41F11C2A0EAD0064DBEB</string>
			</array>
			<key>defaultConfigurationIsVisible</key>
			<string>0</string>
			<key>defaultConfigurationName</key>
			<string>Release</string>
			<key>isa</key>
			<string>XCConfigurationList</string>
		</dict>
		<key>BC3F41F01C2A0EAD0064DBEB</key>
		<dict>
			<key>buildSettings</key>
			<dict>
				<key>BUNDLE_LOADER</key>
				<string>$(TEST_HOST)</string>
				<key>INFOPLIST_FILE</key>
				<string>GoldenEggsTests/Info.plist</string>
				<key>LD_RUNPATH_SEARCH_PATHS</key>
				<string>$(inherited) @executable_path/Frameworks @loader_path/Frameworks</string>
				<key>PRODUCT_BUNDLE_IDENTIFIER</key>
				<string>com.beanstream.GoldenEggsTests</string>
				<key>PRODUCT_NAME</key>
				<string>$(TARGET_NAME)</string>
				<key>TEST_HOST</key>
				<string>$(BUILT_PRODUCTS_DIR)/GoldenEggs.app/GoldenEggs</string>
			</dict>
			<key>isa</key>
			<string>XCBuildConfiguration</string>
			<key>name</key>
			<string>Debug</string>
		</dict>
		<key>BC3F41F11C2A0EAD0064DBEB</key>
		<dict>
			<key>buildSettings</key>
			<dict>
				<key>BUNDLE_LOADER</key>
				<string>$(TEST_HOST)</string>
				<key>INFOPLIST_FILE</key>
				<string>GoldenEggsTests/Info.plist</string>
				<key>LD_RUNPATH_SEARCH_PATHS</key>
				<string>$(inherited) @executable_path/Frameworks @loader_path/Frameworks</string>
				<key>PRODUCT_BUNDLE_IDENTIFIER</key>
				<string>com.beanstream.GoldenEggsTests</string>
				<key>PRODUCT_NAME</key>
				<string>$(TARGET_NAME)</string>
				<key>TEST_HOST</key>
				<string>$(BUILT_PRODUCTS_DIR)/GoldenEggs.app/GoldenEggs</string>
			</dict>
			<key>isa</key>
			<string>XCBuildConfiguration</string>
			<key>name</key>
			<string>Release</string>
		</dict>
		<key>BC3F41F21C2A0EAD0064DBEB</key>
		<dict>
			<key>buildConfigurations</key>
			<array>
				<string>BC3F41F31C2A0EAD0064DBEB</string>
				<string>BC3F41F41C2A0EAD0064DBEB</string>
			</array>
			<key>defaultConfigurationIsVisible</key>
			<string>0</string>
			<key>defaultConfigurationName</key>
			<string>Release</string>
			<key>isa</key>
			<string>XCConfigurationList</string>
		</dict>
		<key>BC3F41F31C2A0EAD0064DBEB</key>
		<dict>
			<key>buildSettings</key>
			<dict>
				<key>INFOPLIST_FILE</key>
				<string>GoldenEggsUITests/Info.plist</string>
				<key>LD_RUNPATH_SEARCH_PATHS</key>
				<string>$(inherited) @executable_path/Frameworks @loader_path/Frameworks</string>
				<key>PRODUCT_BUNDLE_IDENTIFIER</key>
				<string>com.beanstream.GoldenEggsUITests</string>
				<key>PRODUCT_NAME</key>
				<string>$(TARGET_NAME)</string>
				<key>TEST_TARGET_NAME</key>
				<string>GoldenEggs</string>
				<key>USES_XCTRUNNER</key>
				<string>YES</string>
			</dict>
			<key>isa</key>
			<string>XCBuildConfiguration</string>
			<key>name</key>
			<string>Debug</string>
		</dict>
		<key>BC3F41F41C2A0EAD0064DBEB</key>
		<dict>
			<key>buildSettings</key>
			<dict>
				<key>INFOPLIST_FILE</key>
				<string>GoldenEggsUITests/Info.plist</string>
				<key>LD_RUNPATH_SEARCH_PATHS</key>
				<string>$(inherited) @executable_path/Frameworks @loader_path/Frameworks</string>
				<key>PRODUCT_BUNDLE_IDENTIFIER</key>
				<string>com.beanstream.GoldenEggsUITests</string>
				<key>PRODUCT_NAME</key>
				<string>$(TARGET_NAME)</string>
				<key>TEST_TARGET_NAME</key>
				<string>GoldenEggs</string>
				<key>USES_XCTRUNNER</key>
				<string>YES</string>
			</dict>
			<key>isa</key>
			<string>XCBuildConfiguration</string>
			<key>name</key>
			<string>Release</string>
		</dict>
		<key>BC4369951C4D894E001A8265</key>
		<dict>
			<key>fileEncoding</key>
			<string>4</string>
			<key>isa</key>
			<string>PBXFileReference</string>
			<key>lastKnownFileType</key>
			<string>sourcecode.swift</string>
			<key>path</key>
			<string>ReceiptViewController.swift</string>
			<key>sourceTree</key>
			<string>&lt;group&gt;</string>
		</dict>
		<key>BC4369961C4D894E001A8265</key>
		<dict>
			<key>fileRef</key>
			<string>BC4369951C4D894E001A8265</string>
			<key>isa</key>
			<string>PBXBuildFile</string>
		</dict>
		<key>BC4369A11C52BF4C001A8265</key>
		<dict>
			<key>fileRef</key>
			<string>BCA0D3B01C2B51AF00B520C3</string>
			<key>isa</key>
			<string>PBXBuildFile</string>
		</dict>
		<key>BC4369A21C52BF4C001A8265</key>
		<dict>
			<key>fileRef</key>
			<string>BCA0D3B21C2B5CAD00B520C3</string>
			<key>isa</key>
			<string>PBXBuildFile</string>
		</dict>
		<key>BC4369A31C52BF4C001A8265</key>
		<dict>
			<key>fileRef</key>
			<string>BCA0D3B41C2B5CC700B520C3</string>
			<key>isa</key>
			<string>PBXBuildFile</string>
		</dict>
		<key>BC4369A41C52BF4C001A8265</key>
		<dict>
			<key>fileRef</key>
			<string>BC4369951C4D894E001A8265</string>
			<key>isa</key>
			<string>PBXBuildFile</string>
		</dict>
		<key>BC4369A51C52BF4C001A8265</key>
		<dict>
			<key>fileRef</key>
			<string>BC7398641C346EC4006201C0</string>
			<key>isa</key>
			<string>PBXBuildFile</string>
		</dict>
		<key>BC4369A61C52BF4C001A8265</key>
		<dict>
			<key>fileRef</key>
			<string>BCA0D3B71C2B742600B520C3</string>
			<key>isa</key>
			<string>PBXBuildFile</string>
		</dict>
		<key>BC4369A71C52BF4C001A8265</key>
		<dict>
			<key>fileRef</key>
			<string>BCA0D3B91C2B765500B520C3</string>
			<key>isa</key>
			<string>PBXBuildFile</string>
		</dict>
		<key>BC4369A81C52BF4C001A8265</key>
		<dict>
			<key>fileRef</key>
			<string>BC7398601C34618B006201C0</string>
			<key>isa</key>
			<string>PBXBuildFile</string>
		</dict>
		<key>BC4369A91C52BF4C001A8265</key>
		<dict>
			<key>fileRef</key>
			<string>BC27C2DA1C2A27A2003D695D</string>
			<key>isa</key>
			<string>PBXBuildFile</string>
		</dict>
		<key>BC4369AA1C52BF4C001A8265</key>
		<dict>
			<key>fileRef</key>
			<string>BCA0D3A81C2B489100B520C3</string>
			<key>isa</key>
			<string>PBXBuildFile</string>
		</dict>
		<key>BC4369AB1C52BF4C001A8265</key>
		<dict>
			<key>fileRef</key>
			<string>BCA0D3AA1C2B489F00B520C3</string>
			<key>isa</key>
			<string>PBXBuildFile</string>
		</dict>
		<key>BC4369AC1C52BF4C001A8265</key>
		<dict>
			<key>fileRef</key>
			<string>BCA0D3AC1C2B48AF00B520C3</string>
			<key>isa</key>
			<string>PBXBuildFile</string>
		</dict>
		<key>BC4369AD1C52BF4C001A8265</key>
		<dict>
			<key>fileRef</key>
			<string>BCA0D3AE1C2B48BF00B520C3</string>
			<key>isa</key>
			<string>PBXBuildFile</string>
		</dict>
		<key>BC4369AE1C52BF4C001A8265</key>
		<dict>
			<key>fileRef</key>
			<string>BC7398621C346582006201C0</string>
			<key>isa</key>
			<string>PBXBuildFile</string>
		</dict>
		<key>BC4369AF1C52BF4C001A8265</key>
		<dict>
			<key>fileRef</key>
			<string>BC7398661C34711E006201C0</string>
			<key>isa</key>
			<string>PBXBuildFile</string>
		</dict>
		<key>BC4369B01C52BF4C001A8265</key>
		<dict>
			<key>fileRef</key>
			<string>BCC711AF1C3B1E6E008F6247</string>
			<key>isa</key>
			<string>PBXBuildFile</string>
		</dict>
		<key>BC4369B11C52BF4C001A8265</key>
		<dict>
			<key>fileRef</key>
			<string>BCC711B11C3B25A9008F6247</string>
			<key>isa</key>
			<string>PBXBuildFile</string>
		</dict>
		<key>BC4369B21C52BF4C001A8265</key>
		<dict>
			<key>fileRef</key>
			<string>BCC158A51C3F3ED900D974DE</string>
			<key>isa</key>
			<string>PBXBuildFile</string>
		</dict>
		<key>BC4369B31C52BF4E001A8265</key>
		<dict>
			<key>fileRef</key>
			<string>BCA0D3B01C2B51AF00B520C3</string>
			<key>isa</key>
			<string>PBXBuildFile</string>
		</dict>
		<key>BC4369B41C52BF4E001A8265</key>
		<dict>
			<key>fileRef</key>
			<string>BCA0D3B21C2B5CAD00B520C3</string>
			<key>isa</key>
			<string>PBXBuildFile</string>
		</dict>
		<key>BC4369B51C52BF4E001A8265</key>
		<dict>
			<key>fileRef</key>
			<string>BCA0D3B41C2B5CC700B520C3</string>
			<key>isa</key>
			<string>PBXBuildFile</string>
		</dict>
		<key>BC4369B61C52BF4E001A8265</key>
		<dict>
			<key>fileRef</key>
			<string>BC4369951C4D894E001A8265</string>
			<key>isa</key>
			<string>PBXBuildFile</string>
		</dict>
		<key>BC4369B71C52BF4E001A8265</key>
		<dict>
			<key>fileRef</key>
			<string>BC7398641C346EC4006201C0</string>
			<key>isa</key>
			<string>PBXBuildFile</string>
		</dict>
		<key>BC4369B81C52BF4E001A8265</key>
		<dict>
			<key>fileRef</key>
			<string>BCA0D3B71C2B742600B520C3</string>
			<key>isa</key>
			<string>PBXBuildFile</string>
		</dict>
		<key>BC4369B91C52BF4E001A8265</key>
		<dict>
			<key>fileRef</key>
			<string>BCA0D3B91C2B765500B520C3</string>
			<key>isa</key>
			<string>PBXBuildFile</string>
		</dict>
		<key>BC4369BA1C52BF4E001A8265</key>
		<dict>
			<key>fileRef</key>
			<string>BC7398601C34618B006201C0</string>
			<key>isa</key>
			<string>PBXBuildFile</string>
		</dict>
		<key>BC4369BB1C52BF4E001A8265</key>
		<dict>
			<key>fileRef</key>
			<string>BC27C2DA1C2A27A2003D695D</string>
			<key>isa</key>
			<string>PBXBuildFile</string>
		</dict>
		<key>BC4369BC1C52BF4E001A8265</key>
		<dict>
			<key>fileRef</key>
			<string>BCA0D3A81C2B489100B520C3</string>
			<key>isa</key>
			<string>PBXBuildFile</string>
		</dict>
		<key>BC4369BD1C52BF4E001A8265</key>
		<dict>
			<key>fileRef</key>
			<string>BCA0D3AA1C2B489F00B520C3</string>
			<key>isa</key>
			<string>PBXBuildFile</string>
		</dict>
		<key>BC4369BE1C52BF4E001A8265</key>
		<dict>
			<key>fileRef</key>
			<string>BCA0D3AC1C2B48AF00B520C3</string>
			<key>isa</key>
			<string>PBXBuildFile</string>
		</dict>
		<key>BC4369BF1C52BF4E001A8265</key>
		<dict>
			<key>fileRef</key>
			<string>BCA0D3AE1C2B48BF00B520C3</string>
			<key>isa</key>
			<string>PBXBuildFile</string>
		</dict>
		<key>BC4369C01C52BF4E001A8265</key>
		<dict>
			<key>fileRef</key>
			<string>BC7398621C346582006201C0</string>
			<key>isa</key>
			<string>PBXBuildFile</string>
		</dict>
		<key>BC4369C11C52BF4E001A8265</key>
		<dict>
			<key>fileRef</key>
			<string>BC7398661C34711E006201C0</string>
			<key>isa</key>
			<string>PBXBuildFile</string>
		</dict>
		<key>BC4369C21C52BF4E001A8265</key>
		<dict>
			<key>fileRef</key>
			<string>BCC711AF1C3B1E6E008F6247</string>
			<key>isa</key>
			<string>PBXBuildFile</string>
		</dict>
		<key>BC4369C31C52BF4E001A8265</key>
		<dict>
			<key>fileRef</key>
			<string>BCC711B11C3B25A9008F6247</string>
			<key>isa</key>
			<string>PBXBuildFile</string>
		</dict>
		<key>BC4369C41C52BF4E001A8265</key>
		<dict>
			<key>fileRef</key>
			<string>BCC158A51C3F3ED900D974DE</string>
			<key>isa</key>
			<string>PBXBuildFile</string>
		</dict>
		<key>BC4369C51C52BF90001A8265</key>
		<dict>
			<key>fileRef</key>
			<string>BC291C331C45AE93008E1E4D</string>
			<key>isa</key>
			<string>PBXBuildFile</string>
		</dict>
		<key>BC4369C61C52BF90001A8265</key>
		<dict>
			<key>fileRef</key>
			<string>BCEC42741C3EF82100C09F78</string>
			<key>isa</key>
			<string>PBXBuildFile</string>
		</dict>
		<key>BC4369C71C52BF90001A8265</key>
		<dict>
			<key>fileRef</key>
			<string>BCEC42761C3EF82100C09F78</string>
			<key>isa</key>
			<string>PBXBuildFile</string>
		</dict>
		<key>BC4369C81C52BF90001A8265</key>
		<dict>
			<key>fileRef</key>
			<string>BCEC42781C3EF82100C09F78</string>
			<key>isa</key>
			<string>PBXBuildFile</string>
		</dict>
		<key>BC4369C91C52BF90001A8265</key>
		<dict>
			<key>fileRef</key>
			<string>BCEC427A1C3EF82100C09F78</string>
			<key>isa</key>
			<string>PBXBuildFile</string>
		</dict>
		<key>BC4369CA1C52BF90001A8265</key>
		<dict>
			<key>fileRef</key>
			<string>BCEC427C1C3EF82100C09F78</string>
			<key>isa</key>
			<string>PBXBuildFile</string>
		</dict>
		<key>BC4369CB1C52BF90001A8265</key>
		<dict>
			<key>fileRef</key>
			<string>BCEC427E1C3EF82100C09F78</string>
			<key>isa</key>
			<string>PBXBuildFile</string>
		</dict>
		<key>BC4369CC1C52BF90001A8265</key>
		<dict>
			<key>fileRef</key>
			<string>BCEC42801C3EF82100C09F78</string>
			<key>isa</key>
			<string>PBXBuildFile</string>
		</dict>
		<key>BC4369CD1C52BF90001A8265</key>
		<dict>
			<key>fileRef</key>
			<string>BCEC42821C3EF82100C09F78</string>
			<key>isa</key>
			<string>PBXBuildFile</string>
		</dict>
		<key>BC4369CE1C52BF90001A8265</key>
		<dict>
			<key>fileRef</key>
			<string>BCEC42841C3EF82100C09F78</string>
			<key>isa</key>
			<string>PBXBuildFile</string>
		</dict>
		<key>BC4369CF1C52BF90001A8265</key>
		<dict>
			<key>fileRef</key>
			<string>BCEC42861C3EF82100C09F78</string>
			<key>isa</key>
			<string>PBXBuildFile</string>
		</dict>
		<key>BC4369D01C52BF90001A8265</key>
		<dict>
			<key>fileRef</key>
			<string>BCEC42891C3EF82100C09F78</string>
			<key>isa</key>
			<string>PBXBuildFile</string>
		</dict>
		<key>BC4369D11C52BF91001A8265</key>
		<dict>
			<key>fileRef</key>
			<string>BC291C331C45AE93008E1E4D</string>
			<key>isa</key>
			<string>PBXBuildFile</string>
		</dict>
		<key>BC4369D21C52BF91001A8265</key>
		<dict>
			<key>fileRef</key>
			<string>BCEC42741C3EF82100C09F78</string>
			<key>isa</key>
			<string>PBXBuildFile</string>
		</dict>
		<key>BC4369D31C52BF91001A8265</key>
		<dict>
			<key>fileRef</key>
			<string>BCEC42761C3EF82100C09F78</string>
			<key>isa</key>
			<string>PBXBuildFile</string>
		</dict>
		<key>BC4369D41C52BF91001A8265</key>
		<dict>
			<key>fileRef</key>
			<string>BCEC42781C3EF82100C09F78</string>
			<key>isa</key>
			<string>PBXBuildFile</string>
		</dict>
		<key>BC4369D51C52BF91001A8265</key>
		<dict>
			<key>fileRef</key>
			<string>BCEC427A1C3EF82100C09F78</string>
			<key>isa</key>
			<string>PBXBuildFile</string>
		</dict>
		<key>BC4369D61C52BF91001A8265</key>
		<dict>
			<key>fileRef</key>
			<string>BCEC427C1C3EF82100C09F78</string>
			<key>isa</key>
			<string>PBXBuildFile</string>
		</dict>
		<key>BC4369D71C52BF91001A8265</key>
		<dict>
			<key>fileRef</key>
			<string>BCEC427E1C3EF82100C09F78</string>
			<key>isa</key>
			<string>PBXBuildFile</string>
		</dict>
		<key>BC4369D81C52BF91001A8265</key>
		<dict>
			<key>fileRef</key>
			<string>BCEC42801C3EF82100C09F78</string>
			<key>isa</key>
			<string>PBXBuildFile</string>
		</dict>
		<key>BC4369D91C52BF91001A8265</key>
		<dict>
			<key>fileRef</key>
			<string>BCEC42821C3EF82100C09F78</string>
			<key>isa</key>
			<string>PBXBuildFile</string>
		</dict>
		<key>BC4369DA1C52BF91001A8265</key>
		<dict>
			<key>fileRef</key>
			<string>BCEC42841C3EF82100C09F78</string>
			<key>isa</key>
			<string>PBXBuildFile</string>
		</dict>
		<key>BC4369DB1C52BF91001A8265</key>
		<dict>
			<key>fileRef</key>
			<string>BCEC42861C3EF82100C09F78</string>
			<key>isa</key>
			<string>PBXBuildFile</string>
		</dict>
		<key>BC4369DC1C52BF91001A8265</key>
		<dict>
			<key>fileRef</key>
			<string>BCEC42891C3EF82100C09F78</string>
			<key>isa</key>
			<string>PBXBuildFile</string>
		</dict>
		<key>BC4369DD1C52BF9A001A8265</key>
		<dict>
			<key>fileRef</key>
			<string>BC291C361C45AEAE008E1E4D</string>
			<key>isa</key>
			<string>PBXBuildFile</string>
		</dict>
		<key>BC4369DE1C52BF9A001A8265</key>
		<dict>
			<key>fileRef</key>
			<string>BCEC42701C3EF82100C09F78</string>
			<key>isa</key>
			<string>PBXBuildFile</string>
		</dict>
		<key>BC4369DF1C52BF9A001A8265</key>
		<dict>
			<key>fileRef</key>
			<string>BC345C951C4713E9003215A4</string>
			<key>isa</key>
			<string>PBXBuildFile</string>
		</dict>
		<key>BC4369E01C52BF9B001A8265</key>
		<dict>
			<key>fileRef</key>
			<string>BC291C361C45AEAE008E1E4D</string>
			<key>isa</key>
			<string>PBXBuildFile</string>
		</dict>
		<key>BC4369E11C52BF9B001A8265</key>
		<dict>
			<key>fileRef</key>
			<string>BCEC42701C3EF82100C09F78</string>
			<key>isa</key>
			<string>PBXBuildFile</string>
		</dict>
		<key>BC4369E21C52BF9B001A8265</key>
		<dict>
			<key>fileRef</key>
			<string>BC345C951C4713E9003215A4</string>
			<key>isa</key>
			<string>PBXBuildFile</string>
		</dict>
		<key>BC6503261C2C89B3002A73A7</key>
		<dict>
			<key>isa</key>
			<string>PBXFileReference</string>
			<key>lastKnownFileType</key>
			<string>sourcecode.c.h</string>
			<key>path</key>
			<string>GoldenEggs-Bridging-Header.h</string>
			<key>sourceTree</key>
			<string>&lt;group&gt;</string>
		</dict>
		<key>BC73985D1C3344CC006201C0</key>
		<dict>
			<key>children</key>
			<array>
				<string>BC7398621C346582006201C0</string>
				<string>BC7398661C34711E006201C0</string>
				<string>BCC711AF1C3B1E6E008F6247</string>
				<string>BCC711B11C3B25A9008F6247</string>
				<string>BCC158A51C3F3ED900D974DE</string>
			</array>
			<key>isa</key>
			<string>PBXGroup</string>
			<key>path</key>
			<string>Utils</string>
			<key>sourceTree</key>
			<string>&lt;group&gt;</string>
		</dict>
		<key>BC7398601C34618B006201C0</key>
		<dict>
			<key>fileEncoding</key>
			<string>4</string>
			<key>isa</key>
			<string>PBXFileReference</string>
			<key>lastKnownFileType</key>
			<string>sourcecode.swift</string>
			<key>path</key>
			<string>Session.swift</string>
			<key>sourceTree</key>
			<string>&lt;group&gt;</string>
		</dict>
		<key>BC7398611C34618B006201C0</key>
		<dict>
			<key>fileRef</key>
			<string>BC7398601C34618B006201C0</string>
			<key>isa</key>
			<string>PBXBuildFile</string>
		</dict>
		<key>BC7398621C346582006201C0</key>
		<dict>
			<key>fileEncoding</key>
			<string>4</string>
			<key>isa</key>
			<string>PBXFileReference</string>
			<key>lastKnownFileType</key>
			<string>sourcecode.swift</string>
			<key>path</key>
			<string>UserData.swift</string>
			<key>sourceTree</key>
			<string>&lt;group&gt;</string>
		</dict>
		<key>BC7398631C346582006201C0</key>
		<dict>
			<key>fileRef</key>
			<string>BC7398621C346582006201C0</string>
			<key>isa</key>
			<string>PBXBuildFile</string>
		</dict>
		<key>BC7398641C346EC4006201C0</key>
		<dict>
			<key>fileEncoding</key>
			<string>4</string>
			<key>isa</key>
			<string>PBXFileReference</string>
			<key>lastKnownFileType</key>
			<string>sourcecode.swift</string>
			<key>name</key>
			<string>Constants.swift</string>
			<key>path</key>
			<string>../Utils/Constants.swift</string>
			<key>sourceTree</key>
			<string>&lt;group&gt;</string>
		</dict>
		<key>BC7398651C346EC4006201C0</key>
		<dict>
			<key>fileRef</key>
			<string>BC7398641C346EC4006201C0</string>
			<key>isa</key>
			<string>PBXBuildFile</string>
		</dict>
		<key>BC7398661C34711E006201C0</key>
		<dict>
			<key>fileEncoding</key>
			<string>4</string>
			<key>isa</key>
			<string>PBXFileReference</string>
			<key>lastKnownFileType</key>
			<string>sourcecode.swift</string>
			<key>path</key>
			<string>SessionExtensions.swift</string>
			<key>sourceTree</key>
			<string>&lt;group&gt;</string>
		</dict>
		<key>BC7398671C34711E006201C0</key>
		<dict>
			<key>fileRef</key>
			<string>BC7398661C34711E006201C0</string>
			<key>isa</key>
			<string>PBXBuildFile</string>
		</dict>
		<key>BC8F707F1C57F2E500A08C56</key>
		<dict>
			<key>fileEncoding</key>
			<string>4</string>
			<key>isa</key>
			<string>PBXFileReference</string>
			<key>lastKnownFileType</key>
			<string>sourcecode.c.h</string>
			<key>path</key>
			<string>BICAlertController.h</string>
			<key>sourceTree</key>
			<string>&lt;group&gt;</string>
		</dict>
		<key>BC8F70801C57F2E500A08C56</key>
		<dict>
			<key>fileEncoding</key>
			<string>4</string>
			<key>isa</key>
			<string>PBXFileReference</string>
			<key>lastKnownFileType</key>
			<string>sourcecode.c.objc</string>
			<key>path</key>
			<string>BICAlertController.m</string>
			<key>sourceTree</key>
			<string>&lt;group&gt;</string>
		</dict>
		<key>BC8F70811C57F2E500A08C56</key>
		<dict>
			<key>fileRef</key>
			<string>BC8F70801C57F2E500A08C56</string>
			<key>isa</key>
			<string>PBXBuildFile</string>
		</dict>
		<key>BC8F70821C57F2EB00A08C56</key>
		<dict>
			<key>fileRef</key>
			<string>BC8F70801C57F2E500A08C56</string>
			<key>isa</key>
			<string>PBXBuildFile</string>
		</dict>
		<key>BC8F70831C57F2EC00A08C56</key>
		<dict>
			<key>fileRef</key>
			<string>BC8F70801C57F2E500A08C56</string>
			<key>isa</key>
			<string>PBXBuildFile</string>
		</dict>
		<key>BCA0D3A81C2B489100B520C3</key>
		<dict>
			<key>fileEncoding</key>
			<string>4</string>
			<key>isa</key>
			<string>PBXFileReference</string>
			<key>lastKnownFileType</key>
			<string>sourcecode.swift</string>
			<key>path</key>
			<string>LineItemTableViewCell.swift</string>
			<key>sourceTree</key>
			<string>&lt;group&gt;</string>
		</dict>
		<key>BCA0D3A91C2B489100B520C3</key>
		<dict>
			<key>fileRef</key>
			<string>BCA0D3A81C2B489100B520C3</string>
			<key>isa</key>
			<string>PBXBuildFile</string>
		</dict>
		<key>BCA0D3AA1C2B489F00B520C3</key>
		<dict>
			<key>fileEncoding</key>
			<string>4</string>
			<key>isa</key>
			<string>PBXFileReference</string>
			<key>lastKnownFileType</key>
			<string>sourcecode.swift</string>
			<key>path</key>
			<string>SubtotalTableViewCell.swift</string>
			<key>sourceTree</key>
			<string>&lt;group&gt;</string>
		</dict>
		<key>BCA0D3AB1C2B489F00B520C3</key>
		<dict>
			<key>fileRef</key>
			<string>BCA0D3AA1C2B489F00B520C3</string>
			<key>isa</key>
			<string>PBXBuildFile</string>
		</dict>
		<key>BCA0D3AC1C2B48AF00B520C3</key>
		<dict>
			<key>fileEncoding</key>
			<string>4</string>
			<key>isa</key>
			<string>PBXFileReference</string>
			<key>lastKnownFileType</key>
			<string>sourcecode.swift</string>
			<key>path</key>
			<string>TaxItemTableViewCell.swift</string>
			<key>sourceTree</key>
			<string>&lt;group&gt;</string>
		</dict>
		<key>BCA0D3AD1C2B48AF00B520C3</key>
		<dict>
			<key>fileRef</key>
			<string>BCA0D3AC1C2B48AF00B520C3</string>
			<key>isa</key>
			<string>PBXBuildFile</string>
		</dict>
		<key>BCA0D3AE1C2B48BF00B520C3</key>
		<dict>
			<key>fileEncoding</key>
			<string>4</string>
			<key>isa</key>
			<string>PBXFileReference</string>
			<key>lastKnownFileType</key>
			<string>sourcecode.swift</string>
			<key>path</key>
			<string>TotalTableViewCell.swift</string>
			<key>sourceTree</key>
			<string>&lt;group&gt;</string>
		</dict>
		<key>BCA0D3AF1C2B48BF00B520C3</key>
		<dict>
			<key>fileRef</key>
			<string>BCA0D3AE1C2B48BF00B520C3</string>
			<key>isa</key>
			<string>PBXBuildFile</string>
		</dict>
		<key>BCA0D3B01C2B51AF00B520C3</key>
		<dict>
			<key>fileEncoding</key>
			<string>4</string>
			<key>isa</key>
			<string>PBXFileReference</string>
			<key>lastKnownFileType</key>
			<string>sourcecode.swift</string>
			<key>path</key>
			<string>LoginViewController.swift</string>
			<key>sourceTree</key>
			<string>&lt;group&gt;</string>
		</dict>
		<key>BCA0D3B11C2B51AF00B520C3</key>
		<dict>
			<key>fileRef</key>
			<string>BCA0D3B01C2B51AF00B520C3</string>
			<key>isa</key>
			<string>PBXBuildFile</string>
		</dict>
		<key>BCA0D3B21C2B5CAD00B520C3</key>
		<dict>
			<key>fileEncoding</key>
			<string>4</string>
			<key>isa</key>
			<string>PBXFileReference</string>
			<key>lastKnownFileType</key>
			<string>sourcecode.swift</string>
			<key>path</key>
			<string>TransactionsTableViewController.swift</string>
			<key>sourceTree</key>
			<string>&lt;group&gt;</string>
		</dict>
		<key>BCA0D3B31C2B5CAD00B520C3</key>
		<dict>
			<key>fileRef</key>
			<string>BCA0D3B21C2B5CAD00B520C3</string>
			<key>isa</key>
			<string>PBXBuildFile</string>
		</dict>
		<key>BCA0D3B41C2B5CC700B520C3</key>
		<dict>
			<key>fileEncoding</key>
			<string>4</string>
			<key>isa</key>
			<string>PBXFileReference</string>
			<key>lastKnownFileType</key>
			<string>sourcecode.swift</string>
			<key>path</key>
			<string>UserTableViewController.swift</string>
			<key>sourceTree</key>
			<string>&lt;group&gt;</string>
		</dict>
		<key>BCA0D3B51C2B5CC700B520C3</key>
		<dict>
			<key>fileRef</key>
			<string>BCA0D3B41C2B5CC700B520C3</string>
			<key>isa</key>
			<string>PBXBuildFile</string>
		</dict>
		<key>BCA0D3B61C2B690000B520C3</key>
		<dict>
			<key>children</key>
			<array>
				<string>BC7398641C346EC4006201C0</string>
				<string>BCA0D3B71C2B742600B520C3</string>
				<string>BCA0D3B91C2B765500B520C3</string>
				<string>BC7398601C34618B006201C0</string>
			</array>
			<key>isa</key>
			<string>PBXGroup</string>
			<key>path</key>
			<string>Models</string>
			<key>sourceTree</key>
			<string>&lt;group&gt;</string>
		</dict>
		<key>BCA0D3B71C2B742600B520C3</key>
		<dict>
			<key>fileEncoding</key>
			<string>4</string>
			<key>isa</key>
			<string>PBXFileReference</string>
			<key>lastKnownFileType</key>
			<string>sourcecode.swift</string>
			<key>path</key>
			<string>Product.swift</string>
			<key>sourceTree</key>
			<string>&lt;group&gt;</string>
		</dict>
		<key>BCA0D3B81C2B742600B520C3</key>
		<dict>
			<key>fileRef</key>
			<string>BCA0D3B71C2B742600B520C3</string>
			<key>isa</key>
			<string>PBXBuildFile</string>
		</dict>
		<key>BCA0D3B91C2B765500B520C3</key>
		<dict>
			<key>fileEncoding</key>
			<string>4</string>
			<key>isa</key>
			<string>PBXFileReference</string>
			<key>lastKnownFileType</key>
			<string>sourcecode.swift</string>
			<key>path</key>
			<string>LineItem.swift</string>
			<key>sourceTree</key>
			<string>&lt;group&gt;</string>
		</dict>
		<key>BCA0D3BA1C2B765500B520C3</key>
		<dict>
			<key>fileRef</key>
			<string>BCA0D3B91C2B765500B520C3</string>
			<key>isa</key>
			<string>PBXBuildFile</string>
		</dict>
		<key>BCC158A51C3F3ED900D974DE</key>
		<dict>
			<key>fileEncoding</key>
			<string>4</string>
			<key>isa</key>
			<string>PBXFileReference</string>
			<key>lastKnownFileType</key>
			<string>sourcecode.swift</string>
			<key>path</key>
			<string>APIHelper.swift</string>
			<key>sourceTree</key>
			<string>&lt;group&gt;</string>
		</dict>
		<key>BCC158A61C3F3ED900D974DE</key>
		<dict>
			<key>fileRef</key>
			<string>BCC158A51C3F3ED900D974DE</string>
			<key>isa</key>
			<string>PBXBuildFile</string>
		</dict>
		<key>BCC711AF1C3B1E6E008F6247</key>
		<dict>
			<key>fileEncoding</key>
			<string>4</string>
			<key>isa</key>
			<string>PBXFileReference</string>
			<key>lastKnownFileType</key>
			<string>sourcecode.swift</string>
			<key>path</key>
			<string>UIAlertControllerExtensions.swift</string>
			<key>sourceTree</key>
			<string>&lt;group&gt;</string>
		</dict>
		<key>BCC711B01C3B1E6E008F6247</key>
		<dict>
			<key>fileRef</key>
			<string>BCC711AF1C3B1E6E008F6247</string>
			<key>isa</key>
			<string>PBXBuildFile</string>
		</dict>
		<key>BCC711B11C3B25A9008F6247</key>
		<dict>
			<key>fileEncoding</key>
			<string>4</string>
			<key>isa</key>
			<string>PBXFileReference</string>
			<key>lastKnownFileType</key>
			<string>sourcecode.swift</string>
			<key>path</key>
			<string>LoginHelper.swift</string>
			<key>sourceTree</key>
			<string>&lt;group&gt;</string>
		</dict>
		<key>BCC711B21C3B25A9008F6247</key>
		<dict>
			<key>fileRef</key>
			<string>BCC711B11C3B25A9008F6247</string>
			<key>isa</key>
			<string>PBXBuildFile</string>
		</dict>
		<key>BCEC426D1C3EF82100C09F78</key>
		<dict>
			<key>children</key>
			<array>
				<string>BCEC426E1C3EF82100C09F78</string>
				<string>BC291C351C45AEAE008E1E4D</string>
				<string>BC291C361C45AEAE008E1E4D</string>
				<string>BCEC426F1C3EF82100C09F78</string>
				<string>BCEC42701C3EF82100C09F78</string>
				<string>BC345C941C4713E9003215A4</string>
				<string>BC345C951C4713E9003215A4</string>
				<string>BCEC42711C3EF82100C09F78</string>
				<string>BCEC42721C3EF82100C09F78</string>
				<string>BCEC42871C3EF82100C09F78</string>
			</array>
			<key>isa</key>
			<string>PBXGroup</string>
			<key>name</key>
			<string>APISimulator</string>
			<key>path</key>
			<string>../../beanstream-ios-apisimulator/APISimulator</string>
			<key>sourceTree</key>
			<string>&lt;group&gt;</string>
		</dict>
		<key>BCEC426E1C3EF82100C09F78</key>
		<dict>
			<key>fileEncoding</key>
			<string>4</string>
			<key>isa</key>
			<string>PBXFileReference</string>
			<key>lastKnownFileType</key>
			<string>sourcecode.c.h</string>
			<key>path</key>
			<string>APISimulator.h</string>
			<key>sourceTree</key>
			<string>&lt;group&gt;</string>
		</dict>
		<key>BCEC426F1C3EF82100C09F78</key>
		<dict>
			<key>fileEncoding</key>
			<string>4</string>
			<key>isa</key>
			<string>PBXFileReference</string>
			<key>lastKnownFileType</key>
			<string>sourcecode.c.h</string>
			<key>path</key>
			<string>BICBeanstreamAPISimulator.h</string>
			<key>sourceTree</key>
			<string>&lt;group&gt;</string>
		</dict>
		<key>BCEC42701C3EF82100C09F78</key>
		<dict>
			<key>fileEncoding</key>
			<string>4</string>
			<key>isa</key>
			<string>PBXFileReference</string>
			<key>lastKnownFileType</key>
			<string>sourcecode.c.objc</string>
			<key>path</key>
			<string>BICBeanstreamAPISimulator.m</string>
			<key>sourceTree</key>
			<string>&lt;group&gt;</string>
		</dict>
		<key>BCEC42711C3EF82100C09F78</key>
		<dict>
			<key>fileEncoding</key>
			<string>4</string>
			<key>isa</key>
			<string>PBXFileReference</string>
			<key>lastKnownFileType</key>
			<string>text.plist.xml</string>
			<key>path</key>
			<string>Info.plist</string>
			<key>sourceTree</key>
			<string>&lt;group&gt;</string>
		</dict>
		<key>BCEC42721C3EF82100C09F78</key>
		<dict>
			<key>children</key>
			<array>
				<string>BC291C271C408B44008E1E4D</string>
				<string>BC291C321C45AE93008E1E4D</string>
				<string>BC291C331C45AE93008E1E4D</string>
				<string>BCEC42731C3EF82100C09F78</string>
				<string>BCEC42741C3EF82100C09F78</string>
				<string>BCEC42751C3EF82100C09F78</string>
				<string>BCEC42761C3EF82100C09F78</string>
				<string>BCEC42771C3EF82100C09F78</string>
				<string>BCEC42781C3EF82100C09F78</string>
				<string>BCEC42791C3EF82100C09F78</string>
				<string>BCEC427A1C3EF82100C09F78</string>
				<string>BCEC427B1C3EF82100C09F78</string>
				<string>BCEC427C1C3EF82100C09F78</string>
				<string>BCEC427D1C3EF82100C09F78</string>
				<string>BCEC427E1C3EF82100C09F78</string>
				<string>BCEC427F1C3EF82100C09F78</string>
				<string>BCEC42801C3EF82100C09F78</string>
				<string>BCEC42811C3EF82100C09F78</string>
				<string>BCEC42821C3EF82100C09F78</string>
				<string>BCEC42831C3EF82100C09F78</string>
				<string>BCEC42841C3EF82100C09F78</string>
				<string>BCEC42851C3EF82100C09F78</string>
				<string>BCEC42861C3EF82100C09F78</string>
			</array>
			<key>isa</key>
			<string>PBXGroup</string>
			<key>path</key>
			<string>Simulators</string>
			<key>sourceTree</key>
			<string>&lt;group&gt;</string>
		</dict>
		<key>BCEC42731C3EF82100C09F78</key>
		<dict>
			<key>fileEncoding</key>
			<string>4</string>
			<key>isa</key>
			<string>PBXFileReference</string>
			<key>lastKnownFileType</key>
			<string>sourcecode.c.h</string>
			<key>path</key>
			<string>BICAbandonSessionSimulator.h</string>
			<key>sourceTree</key>
			<string>&lt;group&gt;</string>
		</dict>
		<key>BCEC42741C3EF82100C09F78</key>
		<dict>
			<key>fileEncoding</key>
			<string>4</string>
			<key>isa</key>
			<string>PBXFileReference</string>
			<key>lastKnownFileType</key>
			<string>sourcecode.c.objc</string>
			<key>path</key>
			<string>BICAbandonSessionSimulator.m</string>
			<key>sourceTree</key>
			<string>&lt;group&gt;</string>
		</dict>
		<key>BCEC42751C3EF82100C09F78</key>
		<dict>
			<key>fileEncoding</key>
			<string>4</string>
			<key>isa</key>
			<string>PBXFileReference</string>
			<key>lastKnownFileType</key>
			<string>sourcecode.c.h</string>
			<key>path</key>
			<string>BICAttachSignatureSimulator.h</string>
			<key>sourceTree</key>
			<string>&lt;group&gt;</string>
		</dict>
		<key>BCEC42761C3EF82100C09F78</key>
		<dict>
			<key>fileEncoding</key>
			<string>4</string>
			<key>isa</key>
			<string>PBXFileReference</string>
			<key>lastKnownFileType</key>
			<string>sourcecode.c.objc</string>
			<key>path</key>
			<string>BICAttachSignatureSimulator.m</string>
			<key>sourceTree</key>
			<string>&lt;group&gt;</string>
		</dict>
		<key>BCEC42771C3EF82100C09F78</key>
		<dict>
			<key>fileEncoding</key>
			<string>4</string>
			<key>isa</key>
			<string>PBXFileReference</string>
			<key>lastKnownFileType</key>
			<string>sourcecode.c.h</string>
			<key>path</key>
			<string>BICAuthenticateSessionSimulator.h</string>
			<key>sourceTree</key>
			<string>&lt;group&gt;</string>
		</dict>
		<key>BCEC42781C3EF82100C09F78</key>
		<dict>
			<key>fileEncoding</key>
			<string>4</string>
			<key>isa</key>
			<string>PBXFileReference</string>
			<key>lastKnownFileType</key>
			<string>sourcecode.c.objc</string>
			<key>path</key>
			<string>BICAuthenticateSessionSimulator.m</string>
			<key>sourceTree</key>
			<string>&lt;group&gt;</string>
		</dict>
		<key>BCEC42791C3EF82100C09F78</key>
		<dict>
			<key>fileEncoding</key>
			<string>4</string>
			<key>isa</key>
			<string>PBXFileReference</string>
			<key>lastKnownFileType</key>
			<string>sourcecode.c.h</string>
			<key>path</key>
			<string>BICCreateSessionSimulator.h</string>
			<key>sourceTree</key>
			<string>&lt;group&gt;</string>
		</dict>
		<key>BCEC427A1C3EF82100C09F78</key>
		<dict>
			<key>fileEncoding</key>
			<string>4</string>
			<key>isa</key>
			<string>PBXFileReference</string>
			<key>lastKnownFileType</key>
			<string>sourcecode.c.objc</string>
			<key>path</key>
			<string>BICCreateSessionSimulator.m</string>
			<key>sourceTree</key>
			<string>&lt;group&gt;</string>
		</dict>
		<key>BCEC427B1C3EF82100C09F78</key>
		<dict>
			<key>fileEncoding</key>
			<string>4</string>
			<key>isa</key>
			<string>PBXFileReference</string>
			<key>lastKnownFileType</key>
			<string>sourcecode.c.h</string>
			<key>path</key>
			<string>BICInitializePinPadSimulator.h</string>
			<key>sourceTree</key>
			<string>&lt;group&gt;</string>
		</dict>
		<key>BCEC427C1C3EF82100C09F78</key>
		<dict>
			<key>fileEncoding</key>
			<string>4</string>
			<key>isa</key>
			<string>PBXFileReference</string>
			<key>lastKnownFileType</key>
			<string>sourcecode.c.objc</string>
			<key>path</key>
			<string>BICInitializePinPadSimulator.m</string>
			<key>sourceTree</key>
			<string>&lt;group&gt;</string>
		</dict>
		<key>BCEC427D1C3EF82100C09F78</key>
		<dict>
			<key>fileEncoding</key>
			<string>4</string>
			<key>isa</key>
			<string>PBXFileReference</string>
			<key>lastKnownFileType</key>
			<string>sourcecode.c.h</string>
			<key>path</key>
			<string>BICPinPadConnectionSimulator.h</string>
			<key>sourceTree</key>
			<string>&lt;group&gt;</string>
		</dict>
		<key>BCEC427E1C3EF82100C09F78</key>
		<dict>
			<key>fileEncoding</key>
			<string>4</string>
			<key>isa</key>
			<string>PBXFileReference</string>
			<key>lastKnownFileType</key>
			<string>sourcecode.c.objc</string>
			<key>path</key>
			<string>BICPinPadConnectionSimulator.m</string>
			<key>sourceTree</key>
			<string>&lt;group&gt;</string>
		</dict>
		<key>BCEC427F1C3EF82100C09F78</key>
		<dict>
			<key>fileEncoding</key>
			<string>4</string>
			<key>isa</key>
			<string>PBXFileReference</string>
			<key>lastKnownFileType</key>
			<string>sourcecode.c.h</string>
			<key>path</key>
			<string>BICProcessTransactionSimulator.h</string>
			<key>sourceTree</key>
			<string>&lt;group&gt;</string>
		</dict>
		<key>BCEC42801C3EF82100C09F78</key>
		<dict>
			<key>fileEncoding</key>
			<string>4</string>
			<key>isa</key>
			<string>PBXFileReference</string>
			<key>lastKnownFileType</key>
			<string>sourcecode.c.objc</string>
			<key>path</key>
			<string>BICProcessTransactionSimulator.m</string>
			<key>sourceTree</key>
			<string>&lt;group&gt;</string>
		</dict>
		<key>BCEC42811C3EF82100C09F78</key>
		<dict>
			<key>fileEncoding</key>
			<string>4</string>
			<key>isa</key>
			<string>PBXFileReference</string>
			<key>lastKnownFileType</key>
			<string>sourcecode.c.h</string>
			<key>path</key>
			<string>BICReceiptSimulator.h</string>
			<key>sourceTree</key>
			<string>&lt;group&gt;</string>
		</dict>
		<key>BCEC42821C3EF82100C09F78</key>
		<dict>
			<key>fileEncoding</key>
			<string>4</string>
			<key>isa</key>
			<string>PBXFileReference</string>
			<key>lastKnownFileType</key>
			<string>sourcecode.c.objc</string>
			<key>path</key>
			<string>BICReceiptSimulator.m</string>
			<key>sourceTree</key>
			<string>&lt;group&gt;</string>
		</dict>
		<key>BCEC42831C3EF82100C09F78</key>
		<dict>
			<key>fileEncoding</key>
			<string>4</string>
			<key>isa</key>
			<string>PBXFileReference</string>
			<key>lastKnownFileType</key>
			<string>sourcecode.c.h</string>
			<key>path</key>
			<string>BICSearchTransactionsSimulator.h</string>
			<key>sourceTree</key>
			<string>&lt;group&gt;</string>
		</dict>
		<key>BCEC42841C3EF82100C09F78</key>
		<dict>
			<key>fileEncoding</key>
			<string>4</string>
			<key>isa</key>
			<string>PBXFileReference</string>
			<key>lastKnownFileType</key>
			<string>sourcecode.c.objc</string>
			<key>path</key>
			<string>BICSearchTransactionsSimulator.m</string>
			<key>sourceTree</key>
			<string>&lt;group&gt;</string>
		</dict>
		<key>BCEC42851C3EF82100C09F78</key>
		<dict>
			<key>fileEncoding</key>
			<string>4</string>
			<key>isa</key>
			<string>PBXFileReference</string>
			<key>lastKnownFileType</key>
			<string>sourcecode.c.h</string>
			<key>path</key>
			<string>BICUpdatePinPadSimulator.h</string>
			<key>sourceTree</key>
			<string>&lt;group&gt;</string>
		</dict>
		<key>BCEC42861C3EF82100C09F78</key>
		<dict>
			<key>fileEncoding</key>
			<string>4</string>
			<key>isa</key>
			<string>PBXFileReference</string>
			<key>lastKnownFileType</key>
			<string>sourcecode.c.objc</string>
			<key>path</key>
			<string>BICUpdatePinPadSimulator.m</string>
			<key>sourceTree</key>
			<string>&lt;group&gt;</string>
		</dict>
		<key>BCEC42871C3EF82100C09F78</key>
		<dict>
			<key>children</key>
			<array>
				<string>BCEC42881C3EF82100C09F78</string>
				<string>BCEC42891C3EF82100C09F78</string>
				<string>BC8F707F1C57F2E500A08C56</string>
				<string>BC8F70801C57F2E500A08C56</string>
			</array>
			<key>isa</key>
			<string>PBXGroup</string>
			<key>path</key>
			<string>Utils</string>
			<key>sourceTree</key>
			<string>&lt;group&gt;</string>
		</dict>
		<key>BCEC42881C3EF82100C09F78</key>
		<dict>
			<key>fileEncoding</key>
			<string>4</string>
			<key>isa</key>
			<string>PBXFileReference</string>
			<key>lastKnownFileType</key>
			<string>sourcecode.c.h</string>
			<key>path</key>
			<string>BICSimulatorState.h</string>
			<key>sourceTree</key>
			<string>&lt;group&gt;</string>
		</dict>
		<key>BCEC42891C3EF82100C09F78</key>
		<dict>
			<key>fileEncoding</key>
			<string>4</string>
			<key>isa</key>
			<string>PBXFileReference</string>
			<key>lastKnownFileType</key>
			<string>sourcecode.c.objc</string>
			<key>path</key>
			<string>BICSimulatorState.m</string>
			<key>sourceTree</key>
			<string>&lt;group&gt;</string>
		</dict>
		<key>BCEC428A1C3EF82100C09F78</key>
		<dict>
			<key>fileRef</key>
			<string>BCEC42701C3EF82100C09F78</string>
			<key>isa</key>
			<string>PBXBuildFile</string>
		</dict>
		<key>BCEC428B1C3EF82100C09F78</key>
		<dict>
			<key>fileRef</key>
			<string>BCEC42711C3EF82100C09F78</string>
			<key>isa</key>
			<string>PBXBuildFile</string>
		</dict>
		<key>BCEC428C1C3EF82100C09F78</key>
		<dict>
			<key>fileRef</key>
			<string>BCEC42741C3EF82100C09F78</string>
			<key>isa</key>
			<string>PBXBuildFile</string>
		</dict>
		<key>BCEC428D1C3EF82100C09F78</key>
		<dict>
			<key>fileRef</key>
			<string>BCEC42761C3EF82100C09F78</string>
			<key>isa</key>
			<string>PBXBuildFile</string>
		</dict>
		<key>BCEC428E1C3EF82100C09F78</key>
		<dict>
			<key>fileRef</key>
			<string>BCEC42781C3EF82100C09F78</string>
			<key>isa</key>
			<string>PBXBuildFile</string>
		</dict>
		<key>BCEC428F1C3EF82100C09F78</key>
		<dict>
			<key>fileRef</key>
			<string>BCEC427A1C3EF82100C09F78</string>
			<key>isa</key>
			<string>PBXBuildFile</string>
		</dict>
		<key>BCEC42901C3EF82100C09F78</key>
		<dict>
			<key>fileRef</key>
			<string>BCEC427C1C3EF82100C09F78</string>
			<key>isa</key>
			<string>PBXBuildFile</string>
		</dict>
		<key>BCEC42911C3EF82100C09F78</key>
		<dict>
			<key>fileRef</key>
			<string>BCEC427E1C3EF82100C09F78</string>
			<key>isa</key>
			<string>PBXBuildFile</string>
		</dict>
		<key>BCEC42921C3EF82100C09F78</key>
		<dict>
			<key>fileRef</key>
			<string>BCEC42801C3EF82100C09F78</string>
			<key>isa</key>
			<string>PBXBuildFile</string>
		</dict>
		<key>BCEC42931C3EF82100C09F78</key>
		<dict>
			<key>fileRef</key>
			<string>BCEC42821C3EF82100C09F78</string>
			<key>isa</key>
			<string>PBXBuildFile</string>
		</dict>
		<key>BCEC42941C3EF82100C09F78</key>
		<dict>
			<key>fileRef</key>
			<string>BCEC42841C3EF82100C09F78</string>
			<key>isa</key>
			<string>PBXBuildFile</string>
		</dict>
		<key>BCEC42951C3EF82100C09F78</key>
		<dict>
			<key>fileRef</key>
			<string>BCEC42861C3EF82100C09F78</string>
			<key>isa</key>
			<string>PBXBuildFile</string>
		</dict>
		<key>BCEC42961C3EF82100C09F78</key>
		<dict>
			<key>fileRef</key>
			<string>BCEC42891C3EF82100C09F78</string>
			<key>isa</key>
			<string>PBXBuildFile</string>
		</dict>
		<key>BCF36B0C1C99DC91005F5742</key>
		<dict>
			<key>isa</key>
			<string>PBXFileReference</string>
			<key>lastKnownFileType</key>
			<string>wrapper.framework</string>
			<key>name</key>
			<string>ExternalAccessory.framework</string>
			<key>path</key>
			<string>System/Library/Frameworks/ExternalAccessory.framework</string>
			<key>sourceTree</key>
			<string>SDKROOT</string>
		</dict>
		<key>BCF36B0E1C99DCB4005F5742</key>
		<dict>
			<key>fileRef</key>
			<string>BCF36B0C1C99DC91005F5742</string>
			<key>isa</key>
			<string>PBXBuildFile</string>
		</dict>
		<key>BCF36B111C99DCFC005F5742</key>
		<dict>
			<key>isa</key>
			<string>PBXFileReference</string>
			<key>lastKnownFileType</key>
			<string>wrapper.framework</string>
			<key>name</key>
			<string>SystemConfiguration.framework</string>
			<key>path</key>
			<string>System/Library/Frameworks/SystemConfiguration.framework</string>
			<key>sourceTree</key>
			<string>SDKROOT</string>
		</dict>
		<key>BCF36B121C99DCFC005F5742</key>
		<dict>
			<key>fileRef</key>
			<string>BCF36B111C99DCFC005F5742</string>
			<key>isa</key>
			<string>PBXBuildFile</string>
		</dict>
		<key>D361F88B8FA6EDBA6C8C0CA4</key>
		<dict>
			<key>buildActionMask</key>
			<string>2147483647</string>
			<key>files</key>
			<array/>
			<key>inputPaths</key>
			<array/>
			<key>isa</key>
			<string>PBXShellScriptBuildPhase</string>
			<key>name</key>
			<string>Copy Pods Resources</string>
			<key>outputPaths</key>
			<array/>
			<key>runOnlyForDeploymentPostprocessing</key>
			<string>0</string>
			<key>shellPath</key>
			<string>/bin/sh</string>
			<key>shellScript</key>
			<string>"${SRCROOT}/Pods/Target Support Files/Pods/Pods-resources.sh"
</string>
			<key>showEnvVarsInLog</key>
			<string>0</string>
		</dict>
		<key>E6D4E83E75669649D73DFE93</key>
		<dict>
			<key>buildActionMask</key>
			<string>2147483647</string>
			<key>files</key>
			<array/>
			<key>inputPaths</key>
			<array/>
			<key>isa</key>
			<string>PBXShellScriptBuildPhase</string>
			<key>name</key>
			<string>Embed Pods Frameworks</string>
			<key>outputPaths</key>
			<array/>
			<key>runOnlyForDeploymentPostprocessing</key>
			<string>0</string>
			<key>shellPath</key>
			<string>/bin/sh</string>
			<key>shellScript</key>
			<string>"${SRCROOT}/Pods/Target Support Files/Pods/Pods-frameworks.sh"
</string>
			<key>showEnvVarsInLog</key>
			<string>0</string>
		</dict>
		<key>FAA1B812CBF2DD4E1E3DED2F</key>
		<dict>
			<key>includeInIndex</key>
			<string>1</string>
			<key>isa</key>
			<string>PBXFileReference</string>
			<key>lastKnownFileType</key>
			<string>text.xcconfig</string>
			<key>name</key>
			<string>Pods.debug.xcconfig</string>
			<key>path</key>
			<string>Pods/Target Support Files/Pods/Pods.debug.xcconfig</string>
			<key>sourceTree</key>
			<string>&lt;group&gt;</string>
		</dict>
	</dict>
	<key>rootObject</key>
	<string>BC3F41BA1C2A0EAD0064DBEB</string>
</dict>
</plist>
